// !$*UTF8*$!
{
	archiveVersion = 1;
	classes = {
	};
	objectVersion = 46;
	objects = {

/* Begin PBXBuildFile section */
		2C19AF151CBC686000BB73DE /* OneSignal.framework in Frameworks */ = {isa = PBXBuildFile; fileRef = 2C19AF141CBC686000BB73DE /* OneSignal.framework */; };
		2C5895021CAF320400F0876D /* fire.jpg in Resources */ = {isa = PBXBuildFile; fileRef = 2C5895011CAF320400F0876D /* fire.jpg */; };
		2C8650581CB48DE80039B1A9 /* appIcon76.png in Resources */ = {isa = PBXBuildFile; fileRef = 2C8650571CB48DE80039B1A9 /* appIcon76.png */; };
		2C86505B1CB4930F0039B1A9 /* appIcon152.png in Resources */ = {isa = PBXBuildFile; fileRef = 2C8650591CB4930F0039B1A9 /* appIcon152.png */; };
		2C86505C1CB4930F0039B1A9 /* appIcon167.png in Resources */ = {isa = PBXBuildFile; fileRef = 2C86505A1CB4930F0039B1A9 /* appIcon167.png */; };
		2C918C4E1CAC8CA300C80299 /* SystemConfiguration.framework in Frameworks */ = {isa = PBXBuildFile; fileRef = 2C918C4D1CAC8CA300C80299 /* SystemConfiguration.framework */; };
		2CD720AF1CAB140A00338CA7 /* GraphData.swift in Sources */ = {isa = PBXBuildFile; fileRef = 2CD720AE1CAB140900338CA7 /* GraphData.swift */; };
		2CD720B41CAB524700338CA7 /* appIcon180.png in Resources */ = {isa = PBXBuildFile; fileRef = 2CD720B31CAB524700338CA7 /* appIcon180.png */; };
		2CD720B61CAB52B800338CA7 /* appIcon120.png in Resources */ = {isa = PBXBuildFile; fileRef = 2CD720B51CAB52B800338CA7 /* appIcon120.png */; };
		2CD720BB1CAB53BF00338CA7 /* appIcon80.png in Resources */ = {isa = PBXBuildFile; fileRef = 2CD720B81CAB53BF00338CA7 /* appIcon80.png */; };
		2CD720BC1CAB53BF00338CA7 /* appIcon87.png in Resources */ = {isa = PBXBuildFile; fileRef = 2CD720B91CAB53BF00338CA7 /* appIcon87.png */; };
		2CD720BE1CAB545300338CA7 /* appIcon58.png in Resources */ = {isa = PBXBuildFile; fileRef = 2CD720BD1CAB545300338CA7 /* appIcon58.png */; };
		2CD720C11CAC5B2200338CA7 /* DetailStatTableViewCell.swift in Sources */ = {isa = PBXBuildFile; fileRef = 2CD720C01CAC5B2200338CA7 /* DetailStatTableViewCell.swift */; };
		ED64DEA91CA3718D00B25150 /* DetailGradeViewController.swift in Sources */ = {isa = PBXBuildFile; fileRef = ED64DEA81CA3718D00B25150 /* DetailGradeViewController.swift */; };
		ED64DEAF1CA4677E00B25150 /* DetailGradeTableViewCell.swift in Sources */ = {isa = PBXBuildFile; fileRef = ED64DEAE1CA4677E00B25150 /* DetailGradeTableViewCell.swift */; };
		ED7AA2081C7E9BFF001B2E68 /* AssignmentsTableViewCell.swift in Sources */ = {isa = PBXBuildFile; fileRef = ED7AA2071C7E9BFF001B2E68 /* AssignmentsTableViewCell.swift */; };
		ED7AA20B1C83986D001B2E68 /* calendar.png in Resources */ = {isa = PBXBuildFile; fileRef = ED7AA20A1C83986D001B2E68 /* calendar.png */; };
		ED7AA20D1C84E9CF001B2E68 /* CellAnimation.swift in Sources */ = {isa = PBXBuildFile; fileRef = ED7AA20C1C84E9CF001B2E68 /* CellAnimation.swift */; };
		ED7AA2101C9508C4001B2E68 /* StatViewController.swift in Sources */ = {isa = PBXBuildFile; fileRef = ED7AA20F1C9508C4001B2E68 /* StatViewController.swift */; };
		ED7AA2121C962172001B2E68 /* GPAView.swift in Sources */ = {isa = PBXBuildFile; fileRef = ED7AA2111C962171001B2E68 /* GPAView.swift */; };
		ED7AA2221C9F4F98001B2E68 /* Charts.framework in Frameworks */ = {isa = PBXBuildFile; fileRef = ED7AA21B1C9F4E63001B2E68 /* Charts.framework */; };
		ED7AA2231C9F4F98001B2E68 /* Charts.framework in Embed Frameworks */ = {isa = PBXBuildFile; fileRef = ED7AA21B1C9F4E63001B2E68 /* Charts.framework */; settings = {ATTRIBUTES = (CodeSignOnCopy, RemoveHeadersOnCopy, ); }; };
		ED7AA2281CA0975D001B2E68 /* StatTableViewCell.swift in Sources */ = {isa = PBXBuildFile; fileRef = ED7AA2271CA0975B001B2E68 /* StatTableViewCell.swift */; };
		ED7AA22A1CA0C0FC001B2E68 /* DetailStatViewController.swift in Sources */ = {isa = PBXBuildFile; fileRef = ED7AA2291CA0C0FC001B2E68 /* DetailStatViewController.swift */; };
		EDBE85E01C78ED280031EE8B /* AppDelegate.swift in Sources */ = {isa = PBXBuildFile; fileRef = EDBE85DF1C78ED280031EE8B /* AppDelegate.swift */; };
		EDBE85E51C78ED280031EE8B /* Main.storyboard in Resources */ = {isa = PBXBuildFile; fileRef = EDBE85E31C78ED280031EE8B /* Main.storyboard */; };
		EDBE85E71C78ED280031EE8B /* Assets.xcassets in Resources */ = {isa = PBXBuildFile; fileRef = EDBE85E61C78ED280031EE8B /* Assets.xcassets */; };
		EDBE85EA1C78ED280031EE8B /* LaunchScreen.storyboard in Resources */ = {isa = PBXBuildFile; fileRef = EDBE85E81C78ED280031EE8B /* LaunchScreen.storyboard */; };
		EDBE85F51C78ED2A0031EE8B /* GradeCheckUITests.swift in Sources */ = {isa = PBXBuildFile; fileRef = EDBE85F41C78ED2A0031EE8B /* GradeCheckUITests.swift */; };
		EDBE86001C7A2A150031EE8B /* LoginViewController.swift in Sources */ = {isa = PBXBuildFile; fileRef = EDBE85FF1C7A2A150031EE8B /* LoginViewController.swift */; };
		EDBE86021C7A2D460031EE8B /* background.png in Resources */ = {isa = PBXBuildFile; fileRef = EDBE86011C7A2D460031EE8B /* background.png */; };
		EDBE86051C7A2F870031EE8B /* appicon.png in Resources */ = {isa = PBXBuildFile; fileRef = EDBE86041C7A2F870031EE8B /* appicon.png */; };
		EDBE86071C7A46B10031EE8B /* back1.png in Resources */ = {isa = PBXBuildFile; fileRef = EDBE86061C7A46B10031EE8B /* back1.png */; };
		EDBE86091C7A4B9A0031EE8B /* Keychain.swift in Sources */ = {isa = PBXBuildFile; fileRef = EDBE86081C7A4B9A0031EE8B /* Keychain.swift */; };
		EDBE860B1C7A5ADD0031EE8B /* GradeTableViewController.swift in Sources */ = {isa = PBXBuildFile; fileRef = EDBE860A1C7A5ADD0031EE8B /* GradeTableViewController.swift */; };
		EDBE860D1C7A5BB60031EE8B /* GradeTableViewCell.swift in Sources */ = {isa = PBXBuildFile; fileRef = EDBE860C1C7A5BB60031EE8B /* GradeTableViewCell.swift */; };
		EDBE86101C7A5F2B0031EE8B /* GradeViewController.swift in Sources */ = {isa = PBXBuildFile; fileRef = EDBE860F1C7A5F2B0031EE8B /* GradeViewController.swift */; };
		EDBE86121C7A9B230031EE8B /* AssignmentsTableViewController.swift in Sources */ = {isa = PBXBuildFile; fileRef = EDBE86111C7A9B230031EE8B /* AssignmentsTableViewController.swift */; };
/* End PBXBuildFile section */

/* Begin PBXContainerItemProxy section */
		ED7AA21A1C9F4E63001B2E68 /* PBXContainerItemProxy */ = {
			isa = PBXContainerItemProxy;
			containerPortal = ED7AA2131C9F4E26001B2E68 /* Charts.xcodeproj */;
			proxyType = 2;
			remoteGlobalIDString = 5BA8EC401A9D14DC00CE82E1;
			remoteInfo = "Charts-iOS";
		};
		ED7AA21C1C9F4E63001B2E68 /* PBXContainerItemProxy */ = {
			isa = PBXContainerItemProxy;
			containerPortal = ED7AA2131C9F4E26001B2E68 /* Charts.xcodeproj */;
			proxyType = 2;
			remoteGlobalIDString = A52C5C371BAC5CA400594CDD;
			remoteInfo = "Charts-TV";
		};
		ED7AA21E1C9F4E63001B2E68 /* PBXContainerItemProxy */ = {
			isa = PBXContainerItemProxy;
			containerPortal = ED7AA2131C9F4E26001B2E68 /* Charts.xcodeproj */;
			proxyType = 2;
			remoteGlobalIDString = 65B3F5BF1C7370BE000983D0;
			remoteInfo = "Charts-OSX";
		};
		ED7AA2201C9F4E63001B2E68 /* PBXContainerItemProxy */ = {
			isa = PBXContainerItemProxy;
			containerPortal = ED7AA2131C9F4E26001B2E68 /* Charts.xcodeproj */;
			proxyType = 2;
			remoteGlobalIDString = 06AEE7A21BDC3F8B009875AE;
			remoteInfo = ChartsTests;
		};
		ED7AA2241C9F4F98001B2E68 /* PBXContainerItemProxy */ = {
			isa = PBXContainerItemProxy;
			containerPortal = ED7AA2131C9F4E26001B2E68 /* Charts.xcodeproj */;
			proxyType = 1;
			remoteGlobalIDString = 5BA8EC3F1A9D14DC00CE82E1;
			remoteInfo = "Charts-iOS";
		};
		EDBE85F11C78ED290031EE8B /* PBXContainerItemProxy */ = {
			isa = PBXContainerItemProxy;
			containerPortal = EDBE85D41C78ED270031EE8B /* Project object */;
			proxyType = 1;
			remoteGlobalIDString = EDBE85DB1C78ED270031EE8B;
			remoteInfo = GradeCheck;
		};
/* End PBXContainerItemProxy section */

/* Begin PBXCopyFilesBuildPhase section */
		ED7AA2261C9F4F99001B2E68 /* Embed Frameworks */ = {
			isa = PBXCopyFilesBuildPhase;
			buildActionMask = 2147483647;
			dstPath = "";
			dstSubfolderSpec = 10;
			files = (
				ED7AA2231C9F4F98001B2E68 /* Charts.framework in Embed Frameworks */,
			);
			name = "Embed Frameworks";
			runOnlyForDeploymentPostprocessing = 0;
		};
/* End PBXCopyFilesBuildPhase section */

/* Begin PBXFileReference section */
		2C19AF141CBC686000BB73DE /* OneSignal.framework */ = {isa = PBXFileReference; lastKnownFileType = wrapper.framework; path = OneSignal.framework; sourceTree = "<group>"; };
		2C5895011CAF320400F0876D /* fire.jpg */ = {isa = PBXFileReference; lastKnownFileType = image.jpeg; name = fire.jpg; path = ../../../Downloads/fire.jpg; sourceTree = "<group>"; };
		2C8650571CB48DE80039B1A9 /* appIcon76.png */ = {isa = PBXFileReference; lastKnownFileType = image.png; name = appIcon76.png; path = ../../../Downloads/appIcon76.png; sourceTree = "<group>"; };
		2C8650591CB4930F0039B1A9 /* appIcon152.png */ = {isa = PBXFileReference; lastKnownFileType = image.png; name = appIcon152.png; path = ../../../Downloads/appIcon152.png; sourceTree = "<group>"; };
		2C86505A1CB4930F0039B1A9 /* appIcon167.png */ = {isa = PBXFileReference; lastKnownFileType = image.png; name = appIcon167.png; path = ../../../Downloads/appIcon167.png; sourceTree = "<group>"; };
		2C918C4D1CAC8CA300C80299 /* SystemConfiguration.framework */ = {isa = PBXFileReference; lastKnownFileType = wrapper.framework; name = SystemConfiguration.framework; path = System/Library/Frameworks/SystemConfiguration.framework; sourceTree = SDKROOT; };
		2C918C4F1CAC8D8400C80299 /* GradeCheck-Bridging-Header.h */ = {isa = PBXFileReference; fileEncoding = 4; lastKnownFileType = sourcecode.c.h; path = "GradeCheck-Bridging-Header.h"; sourceTree = "<group>"; };
		2CD720AE1CAB140900338CA7 /* GraphData.swift */ = {isa = PBXFileReference; fileEncoding = 4; lastKnownFileType = sourcecode.swift; path = GraphData.swift; sourceTree = "<group>"; };
		2CD720B31CAB524700338CA7 /* appIcon180.png */ = {isa = PBXFileReference; lastKnownFileType = image.png; name = appIcon180.png; path = ../../../Downloads/appIcon180.png; sourceTree = "<group>"; };
		2CD720B51CAB52B800338CA7 /* appIcon120.png */ = {isa = PBXFileReference; lastKnownFileType = image.png; name = appIcon120.png; path = ../../../Downloads/appIcon120.png; sourceTree = "<group>"; };
		2CD720B81CAB53BF00338CA7 /* appIcon80.png */ = {isa = PBXFileReference; lastKnownFileType = image.png; name = appIcon80.png; path = ../../../Downloads/appIcon80.png; sourceTree = "<group>"; };
		2CD720B91CAB53BF00338CA7 /* appIcon87.png */ = {isa = PBXFileReference; lastKnownFileType = image.png; name = appIcon87.png; path = ../../../Downloads/appIcon87.png; sourceTree = "<group>"; };
		2CD720BD1CAB545300338CA7 /* appIcon58.png */ = {isa = PBXFileReference; lastKnownFileType = image.png; name = appIcon58.png; path = ../../../Downloads/appIcon58.png; sourceTree = "<group>"; };
		2CD720C01CAC5B2200338CA7 /* DetailStatTableViewCell.swift */ = {isa = PBXFileReference; fileEncoding = 4; lastKnownFileType = sourcecode.swift; path = DetailStatTableViewCell.swift; sourceTree = "<group>"; };
		ED64DEA81CA3718D00B25150 /* DetailGradeViewController.swift */ = {isa = PBXFileReference; fileEncoding = 4; lastKnownFileType = sourcecode.swift; path = DetailGradeViewController.swift; sourceTree = "<group>"; };
		ED64DEAE1CA4677E00B25150 /* DetailGradeTableViewCell.swift */ = {isa = PBXFileReference; fileEncoding = 4; lastKnownFileType = sourcecode.swift; path = DetailGradeTableViewCell.swift; sourceTree = "<group>"; };
		ED7AA2071C7E9BFF001B2E68 /* AssignmentsTableViewCell.swift */ = {isa = PBXFileReference; fileEncoding = 4; lastKnownFileType = sourcecode.swift; path = AssignmentsTableViewCell.swift; sourceTree = "<group>"; };
		ED7AA20A1C83986D001B2E68 /* calendar.png */ = {isa = PBXFileReference; lastKnownFileType = image.png; path = calendar.png; sourceTree = "<group>"; };
		ED7AA20C1C84E9CF001B2E68 /* CellAnimation.swift */ = {isa = PBXFileReference; fileEncoding = 4; lastKnownFileType = sourcecode.swift; path = CellAnimation.swift; sourceTree = "<group>"; };
		ED7AA20F1C9508C4001B2E68 /* StatViewController.swift */ = {isa = PBXFileReference; fileEncoding = 4; lastKnownFileType = sourcecode.swift; path = StatViewController.swift; sourceTree = "<group>"; };
		ED7AA2111C962171001B2E68 /* GPAView.swift */ = {isa = PBXFileReference; fileEncoding = 4; lastKnownFileType = sourcecode.swift; path = GPAView.swift; sourceTree = "<group>"; };
		ED7AA2131C9F4E26001B2E68 /* Charts.xcodeproj */ = {isa = PBXFileReference; lastKnownFileType = "wrapper.pb-project"; name = Charts.xcodeproj; path = "../../../Downloads/ios-charts-master/Charts/Charts.xcodeproj"; sourceTree = "<group>"; };
		ED7AA2271CA0975B001B2E68 /* StatTableViewCell.swift */ = {isa = PBXFileReference; fileEncoding = 4; lastKnownFileType = sourcecode.swift; path = StatTableViewCell.swift; sourceTree = "<group>"; };
		ED7AA2291CA0C0FC001B2E68 /* DetailStatViewController.swift */ = {isa = PBXFileReference; fileEncoding = 4; lastKnownFileType = sourcecode.swift; path = DetailStatViewController.swift; sourceTree = "<group>"; };
		EDBE85DC1C78ED280031EE8B /* GradeCheck.app */ = {isa = PBXFileReference; explicitFileType = wrapper.application; includeInIndex = 0; path = GradeCheck.app; sourceTree = BUILT_PRODUCTS_DIR; };
		EDBE85DF1C78ED280031EE8B /* AppDelegate.swift */ = {isa = PBXFileReference; lastKnownFileType = sourcecode.swift; path = AppDelegate.swift; sourceTree = "<group>"; };
		EDBE85E41C78ED280031EE8B /* Base */ = {isa = PBXFileReference; lastKnownFileType = file.storyboard; name = Base; path = Base.lproj/Main.storyboard; sourceTree = "<group>"; };
		EDBE85E61C78ED280031EE8B /* Assets.xcassets */ = {isa = PBXFileReference; lastKnownFileType = folder.assetcatalog; path = Assets.xcassets; sourceTree = "<group>"; };
		EDBE85E91C78ED280031EE8B /* Base */ = {isa = PBXFileReference; lastKnownFileType = file.storyboard; name = Base; path = Base.lproj/LaunchScreen.storyboard; sourceTree = "<group>"; };
		EDBE85EB1C78ED290031EE8B /* Info.plist */ = {isa = PBXFileReference; lastKnownFileType = text.plist.xml; path = Info.plist; sourceTree = "<group>"; };
		EDBE85F01C78ED290031EE8B /* GradeCheckUITests.xctest */ = {isa = PBXFileReference; explicitFileType = wrapper.cfbundle; includeInIndex = 0; path = GradeCheckUITests.xctest; sourceTree = BUILT_PRODUCTS_DIR; };
		EDBE85F41C78ED2A0031EE8B /* GradeCheckUITests.swift */ = {isa = PBXFileReference; lastKnownFileType = sourcecode.swift; path = GradeCheckUITests.swift; sourceTree = "<group>"; };
		EDBE85F61C78ED2A0031EE8B /* Info.plist */ = {isa = PBXFileReference; lastKnownFileType = text.plist.xml; path = Info.plist; sourceTree = "<group>"; };
		EDBE85FF1C7A2A150031EE8B /* LoginViewController.swift */ = {isa = PBXFileReference; fileEncoding = 4; lastKnownFileType = sourcecode.swift; path = LoginViewController.swift; sourceTree = "<group>"; };
		EDBE86011C7A2D460031EE8B /* background.png */ = {isa = PBXFileReference; lastKnownFileType = image.png; path = background.png; sourceTree = "<group>"; };
		EDBE86041C7A2F870031EE8B /* appicon.png */ = {isa = PBXFileReference; lastKnownFileType = image.png; path = appicon.png; sourceTree = "<group>"; };
		EDBE86061C7A46B10031EE8B /* back1.png */ = {isa = PBXFileReference; lastKnownFileType = image.png; path = back1.png; sourceTree = "<group>"; };
		EDBE86081C7A4B9A0031EE8B /* Keychain.swift */ = {isa = PBXFileReference; fileEncoding = 4; lastKnownFileType = sourcecode.swift; path = Keychain.swift; sourceTree = "<group>"; };
		EDBE860A1C7A5ADD0031EE8B /* GradeTableViewController.swift */ = {isa = PBXFileReference; fileEncoding = 4; lastKnownFileType = sourcecode.swift; path = GradeTableViewController.swift; sourceTree = "<group>"; };
		EDBE860C1C7A5BB60031EE8B /* GradeTableViewCell.swift */ = {isa = PBXFileReference; fileEncoding = 4; lastKnownFileType = sourcecode.swift; path = GradeTableViewCell.swift; sourceTree = "<group>"; };
		EDBE860F1C7A5F2B0031EE8B /* GradeViewController.swift */ = {isa = PBXFileReference; fileEncoding = 4; lastKnownFileType = sourcecode.swift; path = GradeViewController.swift; sourceTree = "<group>"; };
		EDBE86111C7A9B230031EE8B /* AssignmentsTableViewController.swift */ = {isa = PBXFileReference; fileEncoding = 4; lastKnownFileType = sourcecode.swift; name = AssignmentsTableViewController.swift; path = ../AssignmentsTableViewController.swift; sourceTree = "<group>"; };
/* End PBXFileReference section */

/* Begin PBXFrameworksBuildPhase section */
		EDBE85D91C78ED270031EE8B /* Frameworks */ = {
			isa = PBXFrameworksBuildPhase;
			buildActionMask = 2147483647;
			files = (
				2C918C4E1CAC8CA300C80299 /* SystemConfiguration.framework in Frameworks */,
				ED7AA2221C9F4F98001B2E68 /* Charts.framework in Frameworks */,
				2C19AF151CBC686000BB73DE /* OneSignal.framework in Frameworks */,
			);
			runOnlyForDeploymentPostprocessing = 0;
		};
		EDBE85ED1C78ED290031EE8B /* Frameworks */ = {
			isa = PBXFrameworksBuildPhase;
			buildActionMask = 2147483647;
			files = (
			);
			runOnlyForDeploymentPostprocessing = 0;
		};
/* End PBXFrameworksBuildPhase section */

/* Begin PBXGroup section */
		2CD720BF1CAB546900338CA7 /* appIcon */ = {
			isa = PBXGroup;
			children = (
				2C8650591CB4930F0039B1A9 /* appIcon152.png */,
				2C86505A1CB4930F0039B1A9 /* appIcon167.png */,
				2C8650571CB48DE80039B1A9 /* appIcon76.png */,
				2CD720BD1CAB545300338CA7 /* appIcon58.png */,
				2CD720B51CAB52B800338CA7 /* appIcon120.png */,
				2CD720B81CAB53BF00338CA7 /* appIcon80.png */,
				2CD720B91CAB53BF00338CA7 /* appIcon87.png */,
				2CD720B31CAB524700338CA7 /* appIcon180.png */,
				EDBE86041C7A2F870031EE8B /* appicon.png */,
			);
			name = appIcon;
			sourceTree = "<group>";
		};
		ED7AA2091C7E9C0B001B2E68 /* Assignments */ = {
			isa = PBXGroup;
			children = (
				EDBE86111C7A9B230031EE8B /* AssignmentsTableViewController.swift */,
				ED7AA2071C7E9BFF001B2E68 /* AssignmentsTableViewCell.swift */,
			);
			name = Assignments;
			sourceTree = "<group>";
		};
		ED7AA20E1C950832001B2E68 /* Stats */ = {
			isa = PBXGroup;
			children = (
				ED7AA20F1C9508C4001B2E68 /* StatViewController.swift */,
				ED7AA2271CA0975B001B2E68 /* StatTableViewCell.swift */,
				ED7AA2111C962171001B2E68 /* GPAView.swift */,
				ED7AA2291CA0C0FC001B2E68 /* DetailStatViewController.swift */,
				2CD720C01CAC5B2200338CA7 /* DetailStatTableViewCell.swift */,
				2CD720AE1CAB140900338CA7 /* GraphData.swift */,
			);
			name = Stats;
			sourceTree = "<group>";
		};
		ED7AA2141C9F4E26001B2E68 /* Products */ = {
			isa = PBXGroup;
			children = (
				ED7AA21B1C9F4E63001B2E68 /* Charts.framework */,
				ED7AA21D1C9F4E63001B2E68 /* Charts.framework */,
				ED7AA21F1C9F4E63001B2E68 /* Charts.framework */,
				ED7AA2211C9F4E63001B2E68 /* ChartsTests.xctest */,
			);
			name = Products;
			sourceTree = "<group>";
		};
		EDBE85D31C78ED260031EE8B = {
			isa = PBXGroup;
			children = (
				2C19AF141CBC686000BB73DE /* OneSignal.framework */,
				2C918C4D1CAC8CA300C80299 /* SystemConfiguration.framework */,
				EDBE85DE1C78ED280031EE8B /* GradeCheck */,
				EDBE85F31C78ED2A0031EE8B /* GradeCheckUITests */,
				EDBE85DD1C78ED280031EE8B /* Products */,
			);
			sourceTree = "<group>";
		};
		EDBE85DD1C78ED280031EE8B /* Products */ = {
			isa = PBXGroup;
			children = (
				EDBE85DC1C78ED280031EE8B /* GradeCheck.app */,
				EDBE85F01C78ED290031EE8B /* GradeCheckUITests.xctest */,
			);
			name = Products;
			sourceTree = "<group>";
		};
		EDBE85DE1C78ED280031EE8B /* GradeCheck */ = {
			isa = PBXGroup;
			children = (
				EDBE85DF1C78ED280031EE8B /* AppDelegate.swift */,
				EDBE860E1C7A5BC30031EE8B /* GradeTable */,
				ED7AA2091C7E9C0B001B2E68 /* Assignments */,
				ED7AA20E1C950832001B2E68 /* Stats */,
				EDBE860F1C7A5F2B0031EE8B /* GradeViewController.swift */,
				EDBE85FF1C7A2A150031EE8B /* LoginViewController.swift */,
				EDBE86081C7A4B9A0031EE8B /* Keychain.swift */,
				ED7AA20C1C84E9CF001B2E68 /* CellAnimation.swift */,
				EDBE85E31C78ED280031EE8B /* Main.storyboard */,
				ED7AA2131C9F4E26001B2E68 /* Charts.xcodeproj */,
				EDBE86031C7A2D5D0031EE8B /* art */,
				EDBE85E61C78ED280031EE8B /* Assets.xcassets */,
				EDBE85E81C78ED280031EE8B /* LaunchScreen.storyboard */,
				EDBE85EB1C78ED290031EE8B /* Info.plist */,
				2C918C4F1CAC8D8400C80299 /* GradeCheck-Bridging-Header.h */,
			);
			path = GradeCheck;
			sourceTree = "<group>";
		};
		EDBE85F31C78ED2A0031EE8B /* GradeCheckUITests */ = {
			isa = PBXGroup;
			children = (
				EDBE85F41C78ED2A0031EE8B /* GradeCheckUITests.swift */,
				EDBE85F61C78ED2A0031EE8B /* Info.plist */,
			);
			path = GradeCheckUITests;
			sourceTree = "<group>";
		};
		EDBE86031C7A2D5D0031EE8B /* art */ = {
			isa = PBXGroup;
			children = (
				2CD720BF1CAB546900338CA7 /* appIcon */,
				ED7AA20A1C83986D001B2E68 /* calendar.png */,
				2C5895011CAF320400F0876D /* fire.jpg */,
				EDBE86061C7A46B10031EE8B /* back1.png */,
				EDBE86011C7A2D460031EE8B /* background.png */,
			);
			name = art;
			sourceTree = "<group>";
		};
		EDBE860E1C7A5BC30031EE8B /* GradeTable */ = {
			isa = PBXGroup;
			children = (
				EDBE860A1C7A5ADD0031EE8B /* GradeTableViewController.swift */,
				EDBE860C1C7A5BB60031EE8B /* GradeTableViewCell.swift */,
				ED64DEA81CA3718D00B25150 /* DetailGradeViewController.swift */,
				ED64DEAE1CA4677E00B25150 /* DetailGradeTableViewCell.swift */,
			);
			name = GradeTable;
			sourceTree = "<group>";
		};
/* End PBXGroup section */

/* Begin PBXNativeTarget section */
		EDBE85DB1C78ED270031EE8B /* GradeCheck */ = {
			isa = PBXNativeTarget;
			buildConfigurationList = EDBE85F91C78ED2A0031EE8B /* Build configuration list for PBXNativeTarget "GradeCheck" */;
			buildPhases = (
				EDBE85D81C78ED270031EE8B /* Sources */,
				EDBE85D91C78ED270031EE8B /* Frameworks */,
				EDBE85DA1C78ED270031EE8B /* Resources */,
				ED7AA2261C9F4F99001B2E68 /* Embed Frameworks */,
			);
			buildRules = (
			);
			dependencies = (
				ED7AA2251C9F4F98001B2E68 /* PBXTargetDependency */,
			);
			name = GradeCheck;
			productName = GradeCheck;
			productReference = EDBE85DC1C78ED280031EE8B /* GradeCheck.app */;
			productType = "com.apple.product-type.application";
		};
		EDBE85EF1C78ED290031EE8B /* GradeCheckUITests */ = {
			isa = PBXNativeTarget;
			buildConfigurationList = EDBE85FC1C78ED2A0031EE8B /* Build configuration list for PBXNativeTarget "GradeCheckUITests" */;
			buildPhases = (
				EDBE85EC1C78ED290031EE8B /* Sources */,
				EDBE85ED1C78ED290031EE8B /* Frameworks */,
				EDBE85EE1C78ED290031EE8B /* Resources */,
			);
			buildRules = (
			);
			dependencies = (
				EDBE85F21C78ED290031EE8B /* PBXTargetDependency */,
			);
			name = GradeCheckUITests;
			productName = GradeCheckUITests;
			productReference = EDBE85F01C78ED290031EE8B /* GradeCheckUITests.xctest */;
			productType = "com.apple.product-type.bundle.ui-testing";
		};
/* End PBXNativeTarget section */

/* Begin PBXProject section */
		EDBE85D41C78ED270031EE8B /* Project object */ = {
			isa = PBXProject;
			attributes = {
				LastSwiftUpdateCheck = 0720;
				LastUpgradeCheck = 0720;
				ORGANIZATIONNAME = "Ivan Chau";
				TargetAttributes = {
					EDBE85DB1C78ED270031EE8B = {
						CreatedOnToolsVersion = 7.2.1;
						DevelopmentTeam = WD6FRG4V7Z;
						SystemCapabilities = {
							com.apple.BackgroundModes = {
								enabled = 1;
							};
							com.apple.Push = {
								enabled = 1;
							};
						};
					};
					EDBE85EF1C78ED290031EE8B = {
						CreatedOnToolsVersion = 7.2.1;
						TestTargetID = EDBE85DB1C78ED270031EE8B;
					};
				};
			};
			buildConfigurationList = EDBE85D71C78ED270031EE8B /* Build configuration list for PBXProject "GradeCheck" */;
			compatibilityVersion = "Xcode 3.2";
			developmentRegion = English;
			hasScannedForEncodings = 0;
			knownRegions = (
				en,
				Base,
			);
			mainGroup = EDBE85D31C78ED260031EE8B;
			productRefGroup = EDBE85DD1C78ED280031EE8B /* Products */;
			projectDirPath = "";
			projectReferences = (
				{
					ProductGroup = ED7AA2141C9F4E26001B2E68 /* Products */;
					ProjectRef = ED7AA2131C9F4E26001B2E68 /* Charts.xcodeproj */;
				},
			);
			projectRoot = "";
			targets = (
				EDBE85DB1C78ED270031EE8B /* GradeCheck */,
				EDBE85EF1C78ED290031EE8B /* GradeCheckUITests */,
			);
		};
/* End PBXProject section */

/* Begin PBXReferenceProxy section */
		ED7AA21B1C9F4E63001B2E68 /* Charts.framework */ = {
			isa = PBXReferenceProxy;
			fileType = wrapper.framework;
			path = Charts.framework;
			remoteRef = ED7AA21A1C9F4E63001B2E68 /* PBXContainerItemProxy */;
			sourceTree = BUILT_PRODUCTS_DIR;
		};
		ED7AA21D1C9F4E63001B2E68 /* Charts.framework */ = {
			isa = PBXReferenceProxy;
			fileType = wrapper.framework;
			path = Charts.framework;
			remoteRef = ED7AA21C1C9F4E63001B2E68 /* PBXContainerItemProxy */;
			sourceTree = BUILT_PRODUCTS_DIR;
		};
		ED7AA21F1C9F4E63001B2E68 /* Charts.framework */ = {
			isa = PBXReferenceProxy;
			fileType = wrapper.framework;
			path = Charts.framework;
			remoteRef = ED7AA21E1C9F4E63001B2E68 /* PBXContainerItemProxy */;
			sourceTree = BUILT_PRODUCTS_DIR;
		};
		ED7AA2211C9F4E63001B2E68 /* ChartsTests.xctest */ = {
			isa = PBXReferenceProxy;
			fileType = wrapper.cfbundle;
			path = ChartsTests.xctest;
			remoteRef = ED7AA2201C9F4E63001B2E68 /* PBXContainerItemProxy */;
			sourceTree = BUILT_PRODUCTS_DIR;
		};
/* End PBXReferenceProxy section */

/* Begin PBXResourcesBuildPhase section */
		EDBE85DA1C78ED270031EE8B /* Resources */ = {
			isa = PBXResourcesBuildPhase;
			buildActionMask = 2147483647;
			files = (
				ED7AA20B1C83986D001B2E68 /* calendar.png in Resources */,
				2CD720BB1CAB53BF00338CA7 /* appIcon80.png in Resources */,
				EDBE86071C7A46B10031EE8B /* back1.png in Resources */,
				2C8650581CB48DE80039B1A9 /* appIcon76.png in Resources */,
				2CD720BE1CAB545300338CA7 /* appIcon58.png in Resources */,
				EDBE86051C7A2F870031EE8B /* appicon.png in Resources */,
				EDBE85EA1C78ED280031EE8B /* LaunchScreen.storyboard in Resources */,
				2C86505B1CB4930F0039B1A9 /* appIcon152.png in Resources */,
				2CD720B41CAB524700338CA7 /* appIcon180.png in Resources */,
				2C86505C1CB4930F0039B1A9 /* appIcon167.png in Resources */,
				EDBE86021C7A2D460031EE8B /* background.png in Resources */,
				2CD720B61CAB52B800338CA7 /* appIcon120.png in Resources */,
				2CD720BC1CAB53BF00338CA7 /* appIcon87.png in Resources */,
				EDBE85E71C78ED280031EE8B /* Assets.xcassets in Resources */,
				2C5895021CAF320400F0876D /* fire.jpg in Resources */,
				EDBE85E51C78ED280031EE8B /* Main.storyboard in Resources */,
			);
			runOnlyForDeploymentPostprocessing = 0;
		};
		EDBE85EE1C78ED290031EE8B /* Resources */ = {
			isa = PBXResourcesBuildPhase;
			buildActionMask = 2147483647;
			files = (
			);
			runOnlyForDeploymentPostprocessing = 0;
		};
/* End PBXResourcesBuildPhase section */

/* Begin PBXSourcesBuildPhase section */
		EDBE85D81C78ED270031EE8B /* Sources */ = {
			isa = PBXSourcesBuildPhase;
			buildActionMask = 2147483647;
			files = (
				ED7AA22A1CA0C0FC001B2E68 /* DetailStatViewController.swift in Sources */,
				ED7AA2081C7E9BFF001B2E68 /* AssignmentsTableViewCell.swift in Sources */,
				ED7AA2281CA0975D001B2E68 /* StatTableViewCell.swift in Sources */,
				ED64DEA91CA3718D00B25150 /* DetailGradeViewController.swift in Sources */,
				2CD720C11CAC5B2200338CA7 /* DetailStatTableViewCell.swift in Sources */,
				EDBE86121C7A9B230031EE8B /* AssignmentsTableViewController.swift in Sources */,
				EDBE860D1C7A5BB60031EE8B /* GradeTableViewCell.swift in Sources */,
				2CD720AF1CAB140A00338CA7 /* GraphData.swift in Sources */,
				EDBE86001C7A2A150031EE8B /* LoginViewController.swift in Sources */,
				ED64DEAF1CA4677E00B25150 /* DetailGradeTableViewCell.swift in Sources */,
				EDBE85E01C78ED280031EE8B /* AppDelegate.swift in Sources */,
				EDBE86091C7A4B9A0031EE8B /* Keychain.swift in Sources */,
				ED7AA20D1C84E9CF001B2E68 /* CellAnimation.swift in Sources */,
				EDBE86101C7A5F2B0031EE8B /* GradeViewController.swift in Sources */,
				ED7AA2101C9508C4001B2E68 /* StatViewController.swift in Sources */,
				ED7AA2121C962172001B2E68 /* GPAView.swift in Sources */,
				EDBE860B1C7A5ADD0031EE8B /* GradeTableViewController.swift in Sources */,
			);
			runOnlyForDeploymentPostprocessing = 0;
		};
		EDBE85EC1C78ED290031EE8B /* Sources */ = {
			isa = PBXSourcesBuildPhase;
			buildActionMask = 2147483647;
			files = (
				EDBE85F51C78ED2A0031EE8B /* GradeCheckUITests.swift in Sources */,
			);
			runOnlyForDeploymentPostprocessing = 0;
		};
/* End PBXSourcesBuildPhase section */

/* Begin PBXTargetDependency section */
		ED7AA2251C9F4F98001B2E68 /* PBXTargetDependency */ = {
			isa = PBXTargetDependency;
			name = "Charts-iOS";
			targetProxy = ED7AA2241C9F4F98001B2E68 /* PBXContainerItemProxy */;
		};
		EDBE85F21C78ED290031EE8B /* PBXTargetDependency */ = {
			isa = PBXTargetDependency;
			target = EDBE85DB1C78ED270031EE8B /* GradeCheck */;
			targetProxy = EDBE85F11C78ED290031EE8B /* PBXContainerItemProxy */;
		};
/* End PBXTargetDependency section */

/* Begin PBXVariantGroup section */
		EDBE85E31C78ED280031EE8B /* Main.storyboard */ = {
			isa = PBXVariantGroup;
			children = (
				EDBE85E41C78ED280031EE8B /* Base */,
			);
			name = Main.storyboard;
			sourceTree = "<group>";
		};
		EDBE85E81C78ED280031EE8B /* LaunchScreen.storyboard */ = {
			isa = PBXVariantGroup;
			children = (
				EDBE85E91C78ED280031EE8B /* Base */,
			);
			name = LaunchScreen.storyboard;
			sourceTree = "<group>";
		};
/* End PBXVariantGroup section */

/* Begin XCBuildConfiguration section */
		EDBE85F71C78ED2A0031EE8B /* Debug */ = {
			isa = XCBuildConfiguration;
			buildSettings = {
				ALWAYS_SEARCH_USER_PATHS = NO;
				CLANG_CXX_LANGUAGE_STANDARD = "gnu++0x";
				CLANG_CXX_LIBRARY = "libc++";
				CLANG_ENABLE_MODULES = YES;
				CLANG_ENABLE_OBJC_ARC = YES;
				CLANG_WARN_BOOL_CONVERSION = YES;
				CLANG_WARN_CONSTANT_CONVERSION = YES;
				CLANG_WARN_DIRECT_OBJC_ISA_USAGE = YES_ERROR;
				CLANG_WARN_EMPTY_BODY = YES;
				CLANG_WARN_ENUM_CONVERSION = YES;
				CLANG_WARN_INT_CONVERSION = YES;
				CLANG_WARN_OBJC_ROOT_CLASS = YES_ERROR;
				CLANG_WARN_UNREACHABLE_CODE = YES;
				CLANG_WARN__DUPLICATE_METHOD_MATCH = YES;
				"CODE_SIGN_IDENTITY[sdk=iphoneos*]" = "iPhone Developer";
				COPY_PHASE_STRIP = NO;
				DEBUG_INFORMATION_FORMAT = dwarf;
				ENABLE_STRICT_OBJC_MSGSEND = YES;
				ENABLE_TESTABILITY = YES;
				GCC_C_LANGUAGE_STANDARD = gnu99;
				GCC_DYNAMIC_NO_PIC = NO;
				GCC_NO_COMMON_BLOCKS = YES;
				GCC_OPTIMIZATION_LEVEL = 0;
				GCC_PREPROCESSOR_DEFINITIONS = (
					"DEBUG=1",
					"$(inherited)",
				);
				GCC_WARN_64_TO_32_BIT_CONVERSION = YES;
				GCC_WARN_ABOUT_RETURN_TYPE = YES_ERROR;
				GCC_WARN_UNDECLARED_SELECTOR = YES;
				GCC_WARN_UNINITIALIZED_AUTOS = YES_AGGRESSIVE;
				GCC_WARN_UNUSED_FUNCTION = YES;
				GCC_WARN_UNUSED_VARIABLE = YES;
				IPHONEOS_DEPLOYMENT_TARGET = 9.2;
				MTL_ENABLE_DEBUG_INFO = YES;
				ONLY_ACTIVE_ARCH = YES;
				SDKROOT = iphoneos;
				SWIFT_OPTIMIZATION_LEVEL = "-Onone";
			};
			name = Debug;
		};
		EDBE85F81C78ED2A0031EE8B /* Release */ = {
			isa = XCBuildConfiguration;
			buildSettings = {
				ALWAYS_SEARCH_USER_PATHS = NO;
				CLANG_CXX_LANGUAGE_STANDARD = "gnu++0x";
				CLANG_CXX_LIBRARY = "libc++";
				CLANG_ENABLE_MODULES = YES;
				CLANG_ENABLE_OBJC_ARC = YES;
				CLANG_WARN_BOOL_CONVERSION = YES;
				CLANG_WARN_CONSTANT_CONVERSION = YES;
				CLANG_WARN_DIRECT_OBJC_ISA_USAGE = YES_ERROR;
				CLANG_WARN_EMPTY_BODY = YES;
				CLANG_WARN_ENUM_CONVERSION = YES;
				CLANG_WARN_INT_CONVERSION = YES;
				CLANG_WARN_OBJC_ROOT_CLASS = YES_ERROR;
				CLANG_WARN_UNREACHABLE_CODE = YES;
				CLANG_WARN__DUPLICATE_METHOD_MATCH = YES;
				"CODE_SIGN_IDENTITY[sdk=iphoneos*]" = "iPhone Developer";
				COPY_PHASE_STRIP = NO;
				DEBUG_INFORMATION_FORMAT = "dwarf-with-dsym";
				ENABLE_NS_ASSERTIONS = NO;
				ENABLE_STRICT_OBJC_MSGSEND = YES;
				GCC_C_LANGUAGE_STANDARD = gnu99;
				GCC_NO_COMMON_BLOCKS = YES;
				GCC_WARN_64_TO_32_BIT_CONVERSION = YES;
				GCC_WARN_ABOUT_RETURN_TYPE = YES_ERROR;
				GCC_WARN_UNDECLARED_SELECTOR = YES;
				GCC_WARN_UNINITIALIZED_AUTOS = YES_AGGRESSIVE;
				GCC_WARN_UNUSED_FUNCTION = YES;
				GCC_WARN_UNUSED_VARIABLE = YES;
				IPHONEOS_DEPLOYMENT_TARGET = 9.2;
				MTL_ENABLE_DEBUG_INFO = NO;
				SDKROOT = iphoneos;
				VALIDATE_PRODUCT = YES;
			};
			name = Release;
		};
		EDBE85FA1C78ED2A0031EE8B /* Debug */ = {
			isa = XCBuildConfiguration;
			buildSettings = {
				ASSETCATALOG_COMPILER_APPICON_NAME = AppIcon;
				CODE_SIGN_IDENTITY = "iPhone Developer";
				"CODE_SIGN_IDENTITY[sdk=iphoneos*]" = "iPhone Developer";
				EMBEDDED_CONTENT_CONTAINS_SWIFT = YES;
				FRAMEWORK_SEARCH_PATHS = (
					"$(inherited)",
					"$(PROJECT_DIR)/GradeCheck",
					"$(PROJECT_DIR)",
				);
				INFOPLIST_FILE = GradeCheck/Info.plist;
				LD_RUNPATH_SEARCH_PATHS = "$(inherited) @executable_path/Frameworks";
				OTHER_LDFLAGS = "-ObjC";
				PRODUCT_BUNDLE_IDENTIFIER = com.ichauster.gradeCheck;
				PRODUCT_NAME = "$(TARGET_NAME)";
				PROVISIONING_PROFILE = "9c27c751-2587-4d9d-ad1d-bdc8570338c0";
				SWIFT_OBJC_BRIDGING_HEADER = "GradeCheck/GradeCheck-Bridging-Header.h";
				TARGETED_DEVICE_FAMILY = "1,2";
			};
			name = Debug;
		};
		EDBE85FB1C78ED2A0031EE8B /* Release */ = {
			isa = XCBuildConfiguration;
			buildSettings = {
				ASSETCATALOG_COMPILER_APPICON_NAME = AppIcon;
				CODE_SIGN_IDENTITY = "iPhone Developer";
				"CODE_SIGN_IDENTITY[sdk=iphoneos*]" = "iPhone Developer";
				EMBEDDED_CONTENT_CONTAINS_SWIFT = YES;
				FRAMEWORK_SEARCH_PATHS = (
					"$(inherited)",
					"$(PROJECT_DIR)/GradeCheck",
					"$(PROJECT_DIR)",
				);
				INFOPLIST_FILE = GradeCheck/Info.plist;
				LD_RUNPATH_SEARCH_PATHS = "$(inherited) @executable_path/Frameworks";
				OTHER_LDFLAGS = "-ObjC";
				PRODUCT_BUNDLE_IDENTIFIER = com.ichauster.gradeCheck;
				PRODUCT_NAME = "$(TARGET_NAME)";
				PROVISIONING_PROFILE = "9c27c751-2587-4d9d-ad1d-bdc8570338c0";
				SWIFT_OBJC_BRIDGING_HEADER = "GradeCheck/GradeCheck-Bridging-Header.h";
				TARGETED_DEVICE_FAMILY = "1,2";
			};
			name = Release;
		};
		EDBE85FD1C78ED2A0031EE8B /* Debug */ = {
			isa = XCBuildConfiguration;
			buildSettings = {
				INFOPLIST_FILE = GradeCheckUITests/Info.plist;
				LD_RUNPATH_SEARCH_PATHS = "$(inherited) @executable_path/Frameworks @loader_path/Frameworks";
				PRODUCT_BUNDLE_IDENTIFIER = com.ichauster.GradeCheckUITests;
				PRODUCT_NAME = "$(TARGET_NAME)";
				TEST_TARGET_NAME = GradeCheck;
				USES_XCTRUNNER = YES;
			};
			name = Debug;
		};
		EDBE85FE1C78ED2A0031EE8B /* Release */ = {
			isa = XCBuildConfiguration;
			buildSettings = {
				INFOPLIST_FILE = GradeCheckUITests/Info.plist;
				LD_RUNPATH_SEARCH_PATHS = "$(inherited) @executable_path/Frameworks @loader_path/Frameworks";
				PRODUCT_BUNDLE_IDENTIFIER = com.ichauster.GradeCheckUITests;
				PRODUCT_NAME = "$(TARGET_NAME)";
				TEST_TARGET_NAME = GradeCheck;
				USES_XCTRUNNER = YES;
			};
			name = Release;
		};
/* End XCBuildConfiguration section */

/* Begin XCConfigurationList section */
		EDBE85D71C78ED270031EE8B /* Build configuration list for PBXProject "GradeCheck" */ = {
			isa = XCConfigurationList;
			buildConfigurations = (
				EDBE85F71C78ED2A0031EE8B /* Debug */,
				EDBE85F81C78ED2A0031EE8B /* Release */,
			);
			defaultConfigurationIsVisible = 0;
			defaultConfigurationName = Release;
		};
		EDBE85F91C78ED2A0031EE8B /* Build configuration list for PBXNativeTarget "GradeCheck" */ = {
			isa = XCConfigurationList;
			buildConfigurations = (
				EDBE85FA1C78ED2A0031EE8B /* Debug */,
				EDBE85FB1C78ED2A0031EE8B /* Release */,
			);
			defaultConfigurationIsVisible = 0;
			defaultConfigurationName = Release;
		};
		EDBE85FC1C78ED2A0031EE8B /* Build configuration list for PBXNativeTarget "GradeCheckUITests" */ = {
			isa = XCConfigurationList;
			buildConfigurations = (
				EDBE85FD1C78ED2A0031EE8B /* Debug */,
				EDBE85FE1C78ED2A0031EE8B /* Release */,
			);
			defaultConfigurationIsVisible = 0;
			defaultConfigurationName = Release;
		};
/* End XCConfigurationList section */
	};
	rootObject = EDBE85D41C78ED270031EE8B /* Project object */;
}
