// !$*UTF8*$!
{
	archiveVersion = 1;
	classes = {
	};
	objectVersion = 46;
	objects = {

/* Begin PBXBuildFile section */
		EDBE85E01C78ED280031EE8B /* AppDelegate.swift in Sources */ = {isa = PBXBuildFile; fileRef = EDBE85DF1C78ED280031EE8B /* AppDelegate.swift */; };
		EDBE85E21C78ED280031EE8B /* ViewController.swift in Sources */ = {isa = PBXBuildFile; fileRef = EDBE85E11C78ED280031EE8B /* ViewController.swift */; };
		EDBE85E51C78ED280031EE8B /* Main.storyboard in Resources */ = {isa = PBXBuildFile; fileRef = EDBE85E31C78ED280031EE8B /* Main.storyboard */; };
		EDBE85E71C78ED280031EE8B /* Assets.xcassets in Resources */ = {isa = PBXBuildFile; fileRef = EDBE85E61C78ED280031EE8B /* Assets.xcassets */; };
		EDBE85EA1C78ED280031EE8B /* LaunchScreen.storyboard in Resources */ = {isa = PBXBuildFile; fileRef = EDBE85E81C78ED280031EE8B /* LaunchScreen.storyboard */; };
		EDBE85F51C78ED2A0031EE8B /* GradeCheckUITests.swift in Sources */ = {isa = PBXBuildFile; fileRef = EDBE85F41C78ED2A0031EE8B /* GradeCheckUITests.swift */; };
/* End PBXBuildFile section */

/* Begin PBXContainerItemProxy section */
		EDBE85F11C78ED290031EE8B /* PBXContainerItemProxy */ = {
			isa = PBXContainerItemProxy;
			containerPortal = EDBE85D41C78ED270031EE8B /* Project object */;
			proxyType = 1;
			remoteGlobalIDString = EDBE85DB1C78ED270031EE8B;
			remoteInfo = GradeCheck;
		};
/* End PBXContainerItemProxy section */

/* Begin PBXFileReference section */
		EDBE85DC1C78ED280031EE8B /* GradeCheck.app */ = {isa = PBXFileReference; explicitFileType = wrapper.application; includeInIndex = 0; path = GradeCheck.app; sourceTree = BUILT_PRODUCTS_DIR; };
		EDBE85DF1C78ED280031EE8B /* AppDelegate.swift */ = {isa = PBXFileReference; lastKnownFileType = sourcecode.swift; path = AppDelegate.swift; sourceTree = "<group>"; };
		EDBE85E11C78ED280031EE8B /* ViewController.swift */ = {isa = PBXFileReference; lastKnownFileType = sourcecode.swift; path = ViewController.swift; sourceTree = "<group>"; };
		EDBE85E41C78ED280031EE8B /* Base */ = {isa = PBXFileReference; lastKnownFileType = file.storyboard; name = Base; path = Base.lproj/Main.storyboard; sourceTree = "<group>"; };
		EDBE85E61C78ED280031EE8B /* Assets.xcassets */ = {isa = PBXFileReference; lastKnownFileType = folder.assetcatalog; path = Assets.xcassets; sourceTree = "<group>"; };
		EDBE85E91C78ED280031EE8B /* Base */ = {isa = PBXFileReference; lastKnownFileType = file.storyboard; name = Base; path = Base.lproj/LaunchScreen.storyboard; sourceTree = "<group>"; };
		EDBE85EB1C78ED290031EE8B /* Info.plist */ = {isa = PBXFileReference; lastKnownFileType = text.plist.xml; path = Info.plist; sourceTree = "<group>"; };
		EDBE85F01C78ED290031EE8B /* GradeCheckUITests.xctest */ = {isa = PBXFileReference; explicitFileType = wrapper.cfbundle; includeInIndex = 0; path = GradeCheckUITests.xctest; sourceTree = BUILT_PRODUCTS_DIR; };
		EDBE85F41C78ED2A0031EE8B /* GradeCheckUITests.swift */ = {isa = PBXFileReference; lastKnownFileType = sourcecode.swift; path = GradeCheckUITests.swift; sourceTree = "<group>"; };
		EDBE85F61C78ED2A0031EE8B /* Info.plist */ = {isa = PBXFileReference; lastKnownFileType = text.plist.xml; path = Info.plist; sourceTree = "<group>"; };
/* End PBXFileReference section */

/* Begin PBXFrameworksBuildPhase section */
		EDBE85D91C78ED270031EE8B /* Frameworks */ = {
			isa = PBXFrameworksBuildPhase;
			buildActionMask = 2147483647;
			files = (
			);
			runOnlyForDeploymentPostprocessing = 0;
		};
		EDBE85ED1C78ED290031EE8B /* Frameworks */ = {
			isa = PBXFrameworksBuildPhase;
			buildActionMask = 2147483647;
			files = (
			);
			runOnlyForDeploymentPostprocessing = 0;
		};
/* End PBXFrameworksBuildPhase section */

/* Begin PBXGroup section */
		EDBE85D31C78ED260031EE8B = {
			isa = PBXGroup;
			children = (
				EDBE85DE1C78ED280031EE8B /* GradeCheck */,
				EDBE85F31C78ED2A0031EE8B /* GradeCheckUITests */,
				EDBE85DD1C78ED280031EE8B /* Products */,
			);
			sourceTree = "<group>";
		};
		EDBE85DD1C78ED280031EE8B /* Products */ = {
			isa = PBXGroup;
			children = (
				EDBE85DC1C78ED280031EE8B /* GradeCheck.app */,
				EDBE85F01C78ED290031EE8B /* GradeCheckUITests.xctest */,
			);
			name = Products;
			sourceTree = "<group>";
		};
		EDBE85DE1C78ED280031EE8B /* GradeCheck */ = {
			isa = PBXGroup;
			children = (
				EDBE85DF1C78ED280031EE8B /* AppDelegate.swift */,
				EDBE85E11C78ED280031EE8B /* ViewController.swift */,
				EDBE85E31C78ED280031EE8B /* Main.storyboard */,
				EDBE85E61C78ED280031EE8B /* Assets.xcassets */,
				EDBE85E81C78ED280031EE8B /* LaunchScreen.storyboard */,
				EDBE85EB1C78ED290031EE8B /* Info.plist */,
			);
			path = GradeCheck;
			sourceTree = "<group>";
		};
		EDBE85F31C78ED2A0031EE8B /* GradeCheckUITests */ = {
			isa = PBXGroup;
			children = (
				EDBE85F41C78ED2A0031EE8B /* GradeCheckUITests.swift */,
				EDBE85F61C78ED2A0031EE8B /* Info.plist */,
			);
			path = GradeCheckUITests;
			sourceTree = "<group>";
		};
/* End PBXGroup section */

/* Begin PBXNativeTarget section */
		EDBE85DB1C78ED270031EE8B /* GradeCheck */ = {
			isa = PBXNativeTarget;
			buildConfigurationList = EDBE85F91C78ED2A0031EE8B /* Build configuration list for PBXNativeTarget "GradeCheck" */;
			buildPhases = (
				EDBE85D81C78ED270031EE8B /* Sources */,
				EDBE85D91C78ED270031EE8B /* Frameworks */,
				EDBE85DA1C78ED270031EE8B /* Resources */,
			);
			buildRules = (
			);
			dependencies = (
			);
			name = GradeCheck;
			productName = GradeCheck;
			productReference = EDBE85DC1C78ED280031EE8B /* GradeCheck.app */;
			productType = "com.apple.product-type.application";
		};
		EDBE85EF1C78ED290031EE8B /* GradeCheckUITests */ = {
			isa = PBXNativeTarget;
			buildConfigurationList = EDBE85FC1C78ED2A0031EE8B /* Build configuration list for PBXNativeTarget "GradeCheckUITests" */;
			buildPhases = (
				EDBE85EC1C78ED290031EE8B /* Sources */,
				EDBE85ED1C78ED290031EE8B /* Frameworks */,
				EDBE85EE1C78ED290031EE8B /* Resources */,
			);
			buildRules = (
			);
			dependencies = (
				EDBE85F21C78ED290031EE8B /* PBXTargetDependency */,
			);
			name = GradeCheckUITests;
			productName = GradeCheckUITests;
			productReference = EDBE85F01C78ED290031EE8B /* GradeCheckUITests.xctest */;
			productType = "com.apple.product-type.bundle.ui-testing";
		};
/* End PBXNativeTarget section */

/* Begin PBXProject section */
		EDBE85D41C78ED270031EE8B /* Project object */ = {
			isa = PBXProject;
			attributes = {
				LastSwiftUpdateCheck = 0720;
				LastUpgradeCheck = 0720;
				ORGANIZATIONNAME = "Ivan Chau";
				TargetAttributes = {
					EDBE85DB1C78ED270031EE8B = {
						CreatedOnToolsVersion = 7.2.1;
					};
					EDBE85EF1C78ED290031EE8B = {
						CreatedOnToolsVersion = 7.2.1;
						TestTargetID = EDBE85DB1C78ED270031EE8B;
					};
				};
			};
			buildConfigurationList = EDBE85D71C78ED270031EE8B /* Build configuration list for PBXProject "GradeCheck" */;
			compatibilityVersion = "Xcode 3.2";
			developmentRegion = English;
			hasScannedForEncodings = 0;
			knownRegions = (
				en,
				Base,
			);
			mainGroup = EDBE85D31C78ED260031EE8B;
			productRefGroup = EDBE85DD1C78ED280031EE8B /* Products */;
			projectDirPath = "";
			projectRoot = "";
			targets = (
				EDBE85DB1C78ED270031EE8B /* GradeCheck */,
				EDBE85EF1C78ED290031EE8B /* GradeCheckUITests */,
			);
		};
/* End PBXProject section */

/* Begin PBXResourcesBuildPhase section */
		EDBE85DA1C78ED270031EE8B /* Resources */ = {
			isa = PBXResourcesBuildPhase;
			buildActionMask = 2147483647;
			files = (
				EDBE85EA1C78ED280031EE8B /* LaunchScreen.storyboard in Resources */,
				EDBE85E71C78ED280031EE8B /* Assets.xcassets in Resources */,
				EDBE85E51C78ED280031EE8B /* Main.storyboard in Resources */,
			);
			runOnlyForDeploymentPostprocessing = 0;
		};
		EDBE85EE1C78ED290031EE8B /* Resources */ = {
			isa = PBXResourcesBuildPhase;
			buildActionMask = 2147483647;
			files = (
			);
			runOnlyForDeploymentPostprocessing = 0;
		};
/* End PBXResourcesBuildPhase section */

/* Begin PBXSourcesBuildPhase section */
		EDBE85D81C78ED270031EE8B /* Sources */ = {
			isa = PBXSourcesBuildPhase;
			buildActionMask = 2147483647;
			files = (
				EDBE85E21C78ED280031EE8B /* ViewController.swift in Sources */,
				EDBE85E01C78ED280031EE8B /* AppDelegate.swift in Sources */,
			);
			runOnlyForDeploymentPostprocessing = 0;
		};
		EDBE85EC1C78ED290031EE8B /* Sources */ = {
			isa = PBXSourcesBuildPhase;
			buildActionMask = 2147483647;
			files = (
				EDBE85F51C78ED2A0031EE8B /* GradeCheckUITests.swift in Sources */,
			);
			runOnlyForDeploymentPostprocessing = 0;
		};
/* End PBXSourcesBuildPhase section */

/* Begin PBXTargetDependency section */
		EDBE85F21C78ED290031EE8B /* PBXTargetDependency */ = {
			isa = PBXTargetDependency;
			target = EDBE85DB1C78ED270031EE8B /* GradeCheck */;
			targetProxy = EDBE85F11C78ED290031EE8B /* PBXContainerItemProxy */;
		};
/* End PBXTargetDependency section */

/* Begin PBXVariantGroup section */
		EDBE85E31C78ED280031EE8B /* Main.storyboard */ = {
			isa = PBXVariantGroup;
			children = (
				EDBE85E41C78ED280031EE8B /* Base */,
			);
			name = Main.storyboard;
			sourceTree = "<group>";
		};
		EDBE85E81C78ED280031EE8B /* LaunchScreen.storyboard */ = {
			isa = PBXVariantGroup;
			children = (
				EDBE85E91C78ED280031EE8B /* Base */,
			);
			name = LaunchScreen.storyboard;
			sourceTree = "<group>";
		};
/* End PBXVariantGroup section */

/* Begin XCBuildConfiguration section */
		EDBE85F71C78ED2A0031EE8B /* Debug */ = {
			isa = XCBuildConfiguration;
			buildSettings = {
				ALWAYS_SEARCH_USER_PATHS = NO;
				CLANG_CXX_LANGUAGE_STANDARD = "gnu++0x";
				CLANG_CXX_LIBRARY = "libc++";
				CLANG_ENABLE_MODULES = YES;
				CLANG_ENABLE_OBJC_ARC = YES;
				CLANG_WARN_BOOL_CONVERSION = YES;
				CLANG_WARN_CONSTANT_CONVERSION = YES;
				CLANG_WARN_DIRECT_OBJC_ISA_USAGE = YES_ERROR;
				CLANG_WARN_EMPTY_BODY = YES;
				CLANG_WARN_ENUM_CONVERSION = YES;
				CLANG_WARN_INT_CONVERSION = YES;
				CLANG_WARN_OBJC_ROOT_CLASS = YES_ERROR;
				CLANG_WARN_UNREACHABLE_CODE = YES;
				CLANG_WARN__DUPLICATE_METHOD_MATCH = YES;
				"CODE_SIGN_IDENTITY[sdk=iphoneos*]" = "iPhone Developer";
				COPY_PHASE_STRIP = NO;
				DEBUG_INFORMATION_FORMAT = dwarf;
				ENABLE_STRICT_OBJC_MSGSEND = YES;
				ENABLE_TESTABILITY = YES;
				GCC_C_LANGUAGE_STANDARD = gnu99;
				GCC_DYNAMIC_NO_PIC = NO;
				GCC_NO_COMMON_BLOCKS = YES;
				GCC_OPTIMIZATION_LEVEL = 0;
				GCC_PREPROCESSOR_DEFINITIONS = (
					"DEBUG=1",
					"$(inherited)",
				);
				GCC_WARN_64_TO_32_BIT_CONVERSION = YES;
				GCC_WARN_ABOUT_RETURN_TYPE = YES_ERROR;
				GCC_WARN_UNDECLARED_SELECTOR = YES;
				GCC_WARN_UNINITIALIZED_AUTOS = YES_AGGRESSIVE;
				GCC_WARN_UNUSED_FUNCTION = YES;
				GCC_WARN_UNUSED_VARIABLE = YES;
				IPHONEOS_DEPLOYMENT_TARGET = 9.2;
				MTL_ENABLE_DEBUG_INFO = YES;
				ONLY_ACTIVE_ARCH = YES;
				SDKROOT = iphoneos;
				SWIFT_OPTIMIZATION_LEVEL = "-Onone";
			};
			name = Debug;
		};
		EDBE85F81C78ED2A0031EE8B /* Release */ = {
			isa = XCBuildConfiguration;
			buildSettings = {
				ALWAYS_SEARCH_USER_PATHS = NO;
				CLANG_CXX_LANGUAGE_STANDARD = "gnu++0x";
				CLANG_CXX_LIBRARY = "libc++";
				CLANG_ENABLE_MODULES = YES;
				CLANG_ENABLE_OBJC_ARC = YES;
				CLANG_WARN_BOOL_CONVERSION = YES;
				CLANG_WARN_CONSTANT_CONVERSION = YES;
				CLANG_WARN_DIRECT_OBJC_ISA_USAGE = YES_ERROR;
				CLANG_WARN_EMPTY_BODY = YES;
				CLANG_WARN_ENUM_CONVERSION = YES;
				CLANG_WARN_INT_CONVERSION = YES;
				CLANG_WARN_OBJC_ROOT_CLASS = YES_ERROR;
				CLANG_WARN_UNREACHABLE_CODE = YES;
				CLANG_WARN__DUPLICATE_METHOD_MATCH = YES;
				"CODE_SIGN_IDENTITY[sdk=iphoneos*]" = "iPhone Developer";
				COPY_PHASE_STRIP = NO;
				DEBUG_INFORMATION_FORMAT = "dwarf-with-dsym";
				ENABLE_NS_ASSERTIONS = NO;
				ENABLE_STRICT_OBJC_MSGSEND = YES;
				GCC_C_LANGUAGE_STANDARD = gnu99;
				GCC_NO_COMMON_BLOCKS = YES;
				GCC_WARN_64_TO_32_BIT_CONVERSION = YES;
				GCC_WARN_ABOUT_RETURN_TYPE = YES_ERROR;
				GCC_WARN_UNDECLARED_SELECTOR = YES;
				GCC_WARN_UNINITIALIZED_AUTOS = YES_AGGRESSIVE;
				GCC_WARN_UNUSED_FUNCTION = YES;
				GCC_WARN_UNUSED_VARIABLE = YES;
				IPHONEOS_DEPLOYMENT_TARGET = 9.2;
				MTL_ENABLE_DEBUG_INFO = NO;
				SDKROOT = iphoneos;
				VALIDATE_PRODUCT = YES;
			};
			name = Release;
		};
		EDBE85FA1C78ED2A0031EE8B /* Debug */ = {
			isa = XCBuildConfiguration;
			buildSettings = {
				ASSETCATALOG_COMPILER_APPICON_NAME = AppIcon;
				INFOPLIST_FILE = GradeCheck/Info.plist;
				LD_RUNPATH_SEARCH_PATHS = "$(inherited) @executable_path/Frameworks";
				PRODUCT_BUNDLE_IDENTIFIER = com.ichauster.GradeCheck;
				PRODUCT_NAME = "$(TARGET_NAME)";
			};
			name = Debug;
		};
		EDBE85FB1C78ED2A0031EE8B /* Release */ = {
			isa = XCBuildConfiguration;
			buildSettings = {
				ASSETCATALOG_COMPILER_APPICON_NAME = AppIcon;
				INFOPLIST_FILE = GradeCheck/Info.plist;
				LD_RUNPATH_SEARCH_PATHS = "$(inherited) @executable_path/Frameworks";
				PRODUCT_BUNDLE_IDENTIFIER = com.ichauster.GradeCheck;
				PRODUCT_NAME = "$(TARGET_NAME)";
			};
			name = Release;
		};
		EDBE85FD1C78ED2A0031EE8B /* Debug */ = {
			isa = XCBuildConfiguration;
			buildSettings = {
				INFOPLIST_FILE = GradeCheckUITests/Info.plist;
				LD_RUNPATH_SEARCH_PATHS = "$(inherited) @executable_path/Frameworks @loader_path/Frameworks";
				PRODUCT_BUNDLE_IDENTIFIER = com.ichauster.GradeCheckUITests;
				PRODUCT_NAME = "$(TARGET_NAME)";
				TEST_TARGET_NAME = GradeCheck;
				USES_XCTRUNNER = YES;
			};
			name = Debug;
		};
		EDBE85FE1C78ED2A0031EE8B /* Release */ = {
			isa = XCBuildConfiguration;
			buildSettings = {
				INFOPLIST_FILE = GradeCheckUITests/Info.plist;
				LD_RUNPATH_SEARCH_PATHS = "$(inherited) @executable_path/Frameworks @loader_path/Frameworks";
				PRODUCT_BUNDLE_IDENTIFIER = com.ichauster.GradeCheckUITests;
				PRODUCT_NAME = "$(TARGET_NAME)";
				TEST_TARGET_NAME = GradeCheck;
				USES_XCTRUNNER = YES;
			};
			name = Release;
		};
/* End XCBuildConfiguration section */

/* Begin XCConfigurationList section */
		EDBE85D71C78ED270031EE8B /* Build configuration list for PBXProject "GradeCheck" */ = {
			isa = XCConfigurationList;
			buildConfigurations = (
				EDBE85F71C78ED2A0031EE8B /* Debug */,
				EDBE85F81C78ED2A0031EE8B /* Release */,
			);
			defaultConfigurationIsVisible = 0;
			defaultConfigurationName = Release;
		};
		EDBE85F91C78ED2A0031EE8B /* Build configuration list for PBXNativeTarget "GradeCheck" */ = {
			isa = XCConfigurationList;
			buildConfigurations = (
				EDBE85FA1C78ED2A0031EE8B /* Debug */,
				EDBE85FB1C78ED2A0031EE8B /* Release */,
			);
			defaultConfigurationIsVisible = 0;
		};
		EDBE85FC1C78ED2A0031EE8B /* Build configuration list for PBXNativeTarget "GradeCheckUITests" */ = {
			isa = XCConfigurationList;
			buildConfigurations = (
				EDBE85FD1C78ED2A0031EE8B /* Debug */,
				EDBE85FE1C78ED2A0031EE8B /* Release */,
			);
			defaultConfigurationIsVisible = 0;
		};
/* End XCConfigurationList section */
	};
	rootObject = EDBE85D41C78ED270031EE8B /* Project object */;
}
