// !$*UTF8*$!
{
	archiveVersion = 1;
	classes = {
	};
	objectVersion = 46;
	objects = {

/* Begin PBXBuildFile section */
		2C031C651CD2FD0D00390BC7 /* ForceTouchAssignmentsDetailViewController.swift in Sources */ = {isa = PBXBuildFile; fileRef = 2C031C641CD2FD0D00390BC7 /* ForceTouchAssignmentsDetailViewController.swift */; };
		2C04CDDA1CC9951B008B9FF4 /* TableSectionHeader.swift in Sources */ = {isa = PBXBuildFile; fileRef = 2C04CDD91CC9951B008B9FF4 /* TableSectionHeader.swift */; };
		2C04CDE31CC997E6008B9FF4 /* TableSectionHeader.xib in Resources */ = {isa = PBXBuildFile; fileRef = 2C04CDE21CC997E6008B9FF4 /* TableSectionHeader.xib */; };
		2C04CDEB1CC9B2FC008B9FF4 /* check.png in Resources */ = {isa = PBXBuildFile; fileRef = 2C04CDEA1CC9B2FC008B9FF4 /* check.png */; };
		2C04CDED1CCAFD8E008B9FF4 /* AssignmentDetailModalViewController.swift in Sources */ = {isa = PBXBuildFile; fileRef = 2C04CDEC1CCAFD8E008B9FF4 /* AssignmentDetailModalViewController.swift */; };
		2C04CDEF1CCB0E32008B9FF4 /* close.png in Resources */ = {isa = PBXBuildFile; fileRef = 2C04CDEE1CCB0E32008B9FF4 /* close.png */; };
		2C04CDF11CCB362E008B9FF4 /* AssignmentScoreView.swift in Sources */ = {isa = PBXBuildFile; fileRef = 2C04CDF01CCB362E008B9FF4 /* AssignmentScoreView.swift */; };
		2C19AF151CBC686000BB73DE /* OneSignal.framework in Frameworks */ = {isa = PBXBuildFile; fileRef = 2C19AF141CBC686000BB73DE /* OneSignal.framework */; };
		2C1E22551DFC896A008CC80F /* IColor.swift in Sources */ = {isa = PBXBuildFile; fileRef = 2C1E22541DFC896A008CC80F /* IColor.swift */; };
		2C1FFD3C1FB6A3CB00856599 /* soft.jpg in Resources */ = {isa = PBXBuildFile; fileRef = 2C1FFD391FB6A3CA00856599 /* soft.jpg */; };
		2C22E30B1CF7C9850011C2DE /* settings.png in Resources */ = {isa = PBXBuildFile; fileRef = 2C22E30A1CF7C9850011C2DE /* settings.png */; };
		2C22E30D1CF7CFBC0011C2DE /* SettingsViewController.swift in Sources */ = {isa = PBXBuildFile; fileRef = 2C22E30C1CF7CFBC0011C2DE /* SettingsViewController.swift */; };
		2C22E30F1CF7D47A0011C2DE /* blurrymont.png in Resources */ = {isa = PBXBuildFile; fileRef = 2C22E30E1CF7D47A0011C2DE /* blurrymont.png */; };
		2C6AB4881CFCF4AC00E77252 /* SettingsTableViewCell.swift in Sources */ = {isa = PBXBuildFile; fileRef = 2C6AB4871CFCF4AC00E77252 /* SettingsTableViewCell.swift */; };
		2C6AB48E1CFCFE0B00E77252 /* SettingsSwitchTableViewCell.swift in Sources */ = {isa = PBXBuildFile; fileRef = 2C6AB48D1CFCFE0B00E77252 /* SettingsSwitchTableViewCell.swift */; };
		2C6D37451CC82BAF0077F4A9 /* PercentLabel.swift in Sources */ = {isa = PBXBuildFile; fileRef = 2C6D37441CC82BAF0077F4A9 /* PercentLabel.swift */; };
		2C6D374C1CC85A180077F4A9 /* whitespace-montgomery-logo.png in Resources */ = {isa = PBXBuildFile; fileRef = 2C6D374B1CC85A180077F4A9 /* whitespace-montgomery-logo.png */; };
		2C825A441F8403C1007456DF /* GPAHistoryViewController.swift in Sources */ = {isa = PBXBuildFile; fileRef = 2C825A431F8403C1007456DF /* GPAHistoryViewController.swift */; };
		2C825A511F86C562007456DF /* YearViewController.swift in Sources */ = {isa = PBXBuildFile; fileRef = 2C825A501F86C562007456DF /* YearViewController.swift */; };
		2C918C4E1CAC8CA300C80299 /* SystemConfiguration.framework in Frameworks */ = {isa = PBXBuildFile; fileRef = 2C918C4D1CAC8CA300C80299 /* SystemConfiguration.framework */; };
		2C94C0A81FB3A10A0045677E /* AppIcon.appiconset in Resources */ = {isa = PBXBuildFile; fileRef = 2C94C0A71FB3A10A0045677E /* AppIcon.appiconset */; };
		2C94C0AA1FB3A2950045677E /* GradeCheckLogo.png in Resources */ = {isa = PBXBuildFile; fileRef = 2C94C0A91FB3A2950045677E /* GradeCheckLogo.png */; };
		2C94C0B81FB3AE8E0045677E /* OnboardingContentViewController_Private.h in Sources */ = {isa = PBXBuildFile; fileRef = 2C94C0B61FB3A8520045677E /* OnboardingContentViewController_Private.h */; };
		2C94C0B91FB3AE8E0045677E /* OnboardingContentViewController.h in Sources */ = {isa = PBXBuildFile; fileRef = 2C94C0B41FB3A8510045677E /* OnboardingContentViewController.h */; };
		2C94C0BA1FB3AE8E0045677E /* OnboardingContentViewController.m in Sources */ = {isa = PBXBuildFile; fileRef = 2C94C0B51FB3A8520045677E /* OnboardingContentViewController.m */; };
		2C94C0BB1FB3AE8E0045677E /* OnboardingViewController.h in Sources */ = {isa = PBXBuildFile; fileRef = 2C94C0B31FB3A8510045677E /* OnboardingViewController.h */; };
		2C94C0BC1FB3AE8E0045677E /* OnboardingViewController.m in Sources */ = {isa = PBXBuildFile; fileRef = 2C94C0B71FB3A8520045677E /* OnboardingViewController.m */; };
		2C94C0BE1FB55C2B0045677E /* background.png in Resources */ = {isa = PBXBuildFile; fileRef = 2C94C0BD1FB55C2A0045677E /* background.png */; };
		2C94C0C01FB560DD0045677E /* study.jpg in Resources */ = {isa = PBXBuildFile; fileRef = 2C94C0BF1FB560DD0045677E /* study.jpg */; };
		2C9D84941F5CD57C0011A0C3 /* detailCell.xib in Resources */ = {isa = PBXBuildFile; fileRef = 2C9D84931F5CD57C0011A0C3 /* detailCell.xib */; };
		2C9D84981F5CD82C0011A0C3 /* SlideCell.swift in Sources */ = {isa = PBXBuildFile; fileRef = 2C9D84971F5CD82C0011A0C3 /* SlideCell.swift */; };
		2C9D84A01F5CE0470011A0C3 /* Back-Chevron.png in Resources */ = {isa = PBXBuildFile; fileRef = 2C9D849F1F5CE0470011A0C3 /* Back-Chevron.png */; };
		2CA5B1511CC70E30005F80CE /* ExpandAnimator.swift in Sources */ = {isa = PBXBuildFile; fileRef = 2CA5B1501CC70E30005F80CE /* ExpandAnimator.swift */; };
		2CA67E201DADDFDA0093B7F6 /* download.png in Resources */ = {isa = PBXBuildFile; fileRef = 2CA67E1F1DADDFDA0093B7F6 /* download.png */; };
		2CB2586E1DEB68590023E9A6 /* Charts.framework in Frameworks */ = {isa = PBXBuildFile; fileRef = 2CB258691DEB67F40023E9A6 /* Charts.framework */; };
		2CB2586F1DEB68590023E9A6 /* Charts.framework in Embed Frameworks */ = {isa = PBXBuildFile; fileRef = 2CB258691DEB67F40023E9A6 /* Charts.framework */; settings = {ATTRIBUTES = (CodeSignOnCopy, RemoveHeadersOnCopy, ); }; };
		2CB7555E1F8BEE8C00E4A377 /* GPAViewCell.swift in Sources */ = {isa = PBXBuildFile; fileRef = 2CB7555D1F8BEE8C00E4A377 /* GPAViewCell.swift */; };
		2CD720AF1CAB140A00338CA7 /* GraphData.swift in Sources */ = {isa = PBXBuildFile; fileRef = 2CD720AE1CAB140900338CA7 /* GraphData.swift */; };
		2CD720C11CAC5B2200338CA7 /* DetailStatTableViewCell.swift in Sources */ = {isa = PBXBuildFile; fileRef = 2CD720C01CAC5B2200338CA7 /* DetailStatTableViewCell.swift */; };
		2CEC13161CC27D6B00678AA8 /* grades-icon3.png in Resources */ = {isa = PBXBuildFile; fileRef = 2CEC13151CC27D6B00678AA8 /* grades-icon3.png */; };
		2CEC13201CC2835E00678AA8 /* statistics.png in Resources */ = {isa = PBXBuildFile; fileRef = 2CEC131F1CC2835E00678AA8 /* statistics.png */; };
		2CEC13241CC4098300678AA8 /* statistics@2x.png in Resources */ = {isa = PBXBuildFile; fileRef = 2CEC13231CC4098300678AA8 /* statistics@2x.png */; };
		2CEC13261CC40AD500678AA8 /* assign@2x.png in Resources */ = {isa = PBXBuildFile; fileRef = 2CEC13251CC40AD500678AA8 /* assign@2x.png */; };
		2CEC13281CC40B1A00678AA8 /* assign.png in Resources */ = {isa = PBXBuildFile; fileRef = 2CEC13271CC40B1A00678AA8 /* assign.png */; };
		2CEC132A1CC40BA000678AA8 /* grades-icon3@2x.png in Resources */ = {isa = PBXBuildFile; fileRef = 2CEC13291CC40BA000678AA8 /* grades-icon3@2x.png */; };
		2CF269801FBBE3FD00EBAEF4 /* MarkingPeriodSwitchTableViewCell.swift in Sources */ = {isa = PBXBuildFile; fileRef = 2CF2697F1FBBE3FD00EBAEF4 /* MarkingPeriodSwitchTableViewCell.swift */; };
		2CFE269E1CCBEC54001B7AAE /* ProjectionGradeViewController.swift in Sources */ = {isa = PBXBuildFile; fileRef = 2CFE269D1CCBEC54001B7AAE /* ProjectionGradeViewController.swift */; };
		2CFE26A31CCC7105001B7AAE /* SliderPercentView.swift in Sources */ = {isa = PBXBuildFile; fileRef = 2CFE26A21CCC7105001B7AAE /* SliderPercentView.swift */; };
		ED64DEA91CA3718D00B25150 /* DetailGradeViewController.swift in Sources */ = {isa = PBXBuildFile; fileRef = ED64DEA81CA3718D00B25150 /* DetailGradeViewController.swift */; };
		ED64DEAF1CA4677E00B25150 /* DetailGradeTableViewCell.swift in Sources */ = {isa = PBXBuildFile; fileRef = ED64DEAE1CA4677E00B25150 /* DetailGradeTableViewCell.swift */; };
		ED7AA2081C7E9BFF001B2E68 /* AssignmentsTableViewCell.swift in Sources */ = {isa = PBXBuildFile; fileRef = ED7AA2071C7E9BFF001B2E68 /* AssignmentsTableViewCell.swift */; };
		ED7AA20B1C83986D001B2E68 /* calendar.png in Resources */ = {isa = PBXBuildFile; fileRef = ED7AA20A1C83986D001B2E68 /* calendar.png */; };
		ED7AA20D1C84E9CF001B2E68 /* CellAnimation.swift in Sources */ = {isa = PBXBuildFile; fileRef = ED7AA20C1C84E9CF001B2E68 /* CellAnimation.swift */; };
		ED7AA2101C9508C4001B2E68 /* StatViewController.swift in Sources */ = {isa = PBXBuildFile; fileRef = ED7AA20F1C9508C4001B2E68 /* StatViewController.swift */; };
		ED7AA2121C962172001B2E68 /* GPAView.swift in Sources */ = {isa = PBXBuildFile; fileRef = ED7AA2111C962171001B2E68 /* GPAView.swift */; };
		ED7AA2281CA0975D001B2E68 /* StatTableViewCell.swift in Sources */ = {isa = PBXBuildFile; fileRef = ED7AA2271CA0975B001B2E68 /* StatTableViewCell.swift */; };
		ED7AA22A1CA0C0FC001B2E68 /* DetailStatViewController.swift in Sources */ = {isa = PBXBuildFile; fileRef = ED7AA2291CA0C0FC001B2E68 /* DetailStatViewController.swift */; };
		EDBE85E01C78ED280031EE8B /* AppDelegate.swift in Sources */ = {isa = PBXBuildFile; fileRef = EDBE85DF1C78ED280031EE8B /* AppDelegate.swift */; };
		EDBE85E51C78ED280031EE8B /* Main.storyboard in Resources */ = {isa = PBXBuildFile; fileRef = EDBE85E31C78ED280031EE8B /* Main.storyboard */; };
		EDBE85E71C78ED280031EE8B /* Assets.xcassets in Resources */ = {isa = PBXBuildFile; fileRef = EDBE85E61C78ED280031EE8B /* Assets.xcassets */; };
		EDBE85EA1C78ED280031EE8B /* LaunchScreen.storyboard in Resources */ = {isa = PBXBuildFile; fileRef = EDBE85E81C78ED280031EE8B /* LaunchScreen.storyboard */; };
		EDBE85F51C78ED2A0031EE8B /* GradeCheckUITests.swift in Sources */ = {isa = PBXBuildFile; fileRef = EDBE85F41C78ED2A0031EE8B /* GradeCheckUITests.swift */; };
		EDBE86001C7A2A150031EE8B /* LoginViewController.swift in Sources */ = {isa = PBXBuildFile; fileRef = EDBE85FF1C7A2A150031EE8B /* LoginViewController.swift */; };
		EDBE86071C7A46B10031EE8B /* back1.png in Resources */ = {isa = PBXBuildFile; fileRef = EDBE86061C7A46B10031EE8B /* back1.png */; };
		EDBE86091C7A4B9A0031EE8B /* Keychain.swift in Sources */ = {isa = PBXBuildFile; fileRef = EDBE86081C7A4B9A0031EE8B /* Keychain.swift */; };
		EDBE860B1C7A5ADD0031EE8B /* GradeTableViewController.swift in Sources */ = {isa = PBXBuildFile; fileRef = EDBE860A1C7A5ADD0031EE8B /* GradeTableViewController.swift */; };
		EDBE860D1C7A5BB60031EE8B /* GradeTableViewCell.swift in Sources */ = {isa = PBXBuildFile; fileRef = EDBE860C1C7A5BB60031EE8B /* GradeTableViewCell.swift */; };
		EDBE86101C7A5F2B0031EE8B /* GradeViewController.swift in Sources */ = {isa = PBXBuildFile; fileRef = EDBE860F1C7A5F2B0031EE8B /* GradeViewController.swift */; };
		EDBE86121C7A9B230031EE8B /* AssignmentsTableViewController.swift in Sources */ = {isa = PBXBuildFile; fileRef = EDBE86111C7A9B230031EE8B /* AssignmentsTableViewController.swift */; };
/* End PBXBuildFile section */

/* Begin PBXContainerItemProxy section */
		2CB258681DEB67F40023E9A6 /* PBXContainerItemProxy */ = {
			isa = PBXContainerItemProxy;
			containerPortal = 2CB258621DEB67F40023E9A6 /* Charts.xcodeproj */;
			proxyType = 2;
			remoteGlobalIDString = 06165F241D8110E600722320;
			remoteInfo = Charts;
		};
		2CB2586A1DEB67F40023E9A6 /* PBXContainerItemProxy */ = {
			isa = PBXContainerItemProxy;
			containerPortal = 2CB258621DEB67F40023E9A6 /* Charts.xcodeproj */;
			proxyType = 2;
			remoteGlobalIDString = 06B120D51D811E6200D14B02;
			remoteInfo = ChartsRealm;
		};
		2CB2586C1DEB67F40023E9A6 /* PBXContainerItemProxy */ = {
			isa = PBXContainerItemProxy;
			containerPortal = 2CB258621DEB67F40023E9A6 /* Charts.xcodeproj */;
			proxyType = 2;
			remoteGlobalIDString = 06165F2E1D8110E600722320;
			remoteInfo = ChartsTests;
		};
		2CB258701DEB68590023E9A6 /* PBXContainerItemProxy */ = {
			isa = PBXContainerItemProxy;
			containerPortal = 2CB258621DEB67F40023E9A6 /* Charts.xcodeproj */;
			proxyType = 1;
			remoteGlobalIDString = 06165F231D8110E600722320;
			remoteInfo = Charts;
		};
		EDBE85F11C78ED290031EE8B /* PBXContainerItemProxy */ = {
			isa = PBXContainerItemProxy;
			containerPortal = EDBE85D41C78ED270031EE8B /* Project object */;
			proxyType = 1;
			remoteGlobalIDString = EDBE85DB1C78ED270031EE8B;
			remoteInfo = GradeCheck;
		};
/* End PBXContainerItemProxy section */

/* Begin PBXCopyFilesBuildPhase section */
		ED7AA2261C9F4F99001B2E68 /* Embed Frameworks */ = {
			isa = PBXCopyFilesBuildPhase;
			buildActionMask = 2147483647;
			dstPath = "";
			dstSubfolderSpec = 10;
			files = (
				2CB2586F1DEB68590023E9A6 /* Charts.framework in Embed Frameworks */,
			);
			name = "Embed Frameworks";
			runOnlyForDeploymentPostprocessing = 0;
		};
/* End PBXCopyFilesBuildPhase section */

/* Begin PBXFileReference section */
		2C031C641CD2FD0D00390BC7 /* ForceTouchAssignmentsDetailViewController.swift */ = {isa = PBXFileReference; fileEncoding = 4; lastKnownFileType = sourcecode.swift; path = ForceTouchAssignmentsDetailViewController.swift; sourceTree = "<group>"; };
		2C04CDD91CC9951B008B9FF4 /* TableSectionHeader.swift */ = {isa = PBXFileReference; fileEncoding = 4; lastKnownFileType = sourcecode.swift; path = TableSectionHeader.swift; sourceTree = "<group>"; };
		2C04CDE21CC997E6008B9FF4 /* TableSectionHeader.xib */ = {isa = PBXFileReference; fileEncoding = 4; lastKnownFileType = file.xib; path = TableSectionHeader.xib; sourceTree = "<group>"; };
		2C04CDEA1CC9B2FC008B9FF4 /* check.png */ = {isa = PBXFileReference; lastKnownFileType = image.png; path = check.png; sourceTree = "<group>"; };
		2C04CDEC1CCAFD8E008B9FF4 /* AssignmentDetailModalViewController.swift */ = {isa = PBXFileReference; fileEncoding = 4; lastKnownFileType = sourcecode.swift; path = AssignmentDetailModalViewController.swift; sourceTree = "<group>"; };
		2C04CDEE1CCB0E32008B9FF4 /* close.png */ = {isa = PBXFileReference; lastKnownFileType = image.png; path = close.png; sourceTree = "<group>"; };
		2C04CDF01CCB362E008B9FF4 /* AssignmentScoreView.swift */ = {isa = PBXFileReference; fileEncoding = 4; lastKnownFileType = sourcecode.swift; path = AssignmentScoreView.swift; sourceTree = "<group>"; };
		2C19AF141CBC686000BB73DE /* OneSignal.framework */ = {isa = PBXFileReference; lastKnownFileType = wrapper.framework; path = OneSignal.framework; sourceTree = "<group>"; };
		2C1E22541DFC896A008CC80F /* IColor.swift */ = {isa = PBXFileReference; fileEncoding = 4; lastKnownFileType = sourcecode.swift; path = IColor.swift; sourceTree = "<group>"; };
		2C1FFD391FB6A3CA00856599 /* soft.jpg */ = {isa = PBXFileReference; lastKnownFileType = image.jpeg; name = soft.jpg; path = ../../../Downloads/soft.jpg; sourceTree = "<group>"; };
		2C22E30A1CF7C9850011C2DE /* settings.png */ = {isa = PBXFileReference; lastKnownFileType = image.png; path = settings.png; sourceTree = "<group>"; };
		2C22E30C1CF7CFBC0011C2DE /* SettingsViewController.swift */ = {isa = PBXFileReference; fileEncoding = 4; lastKnownFileType = sourcecode.swift; path = SettingsViewController.swift; sourceTree = "<group>"; };
		2C22E30E1CF7D47A0011C2DE /* blurrymont.png */ = {isa = PBXFileReference; lastKnownFileType = image.png; path = blurrymont.png; sourceTree = "<group>"; };
		2C6AB4871CFCF4AC00E77252 /* SettingsTableViewCell.swift */ = {isa = PBXFileReference; fileEncoding = 4; lastKnownFileType = sourcecode.swift; path = SettingsTableViewCell.swift; sourceTree = "<group>"; };
		2C6AB48D1CFCFE0B00E77252 /* SettingsSwitchTableViewCell.swift */ = {isa = PBXFileReference; fileEncoding = 4; lastKnownFileType = sourcecode.swift; path = SettingsSwitchTableViewCell.swift; sourceTree = "<group>"; };
		2C6D37441CC82BAF0077F4A9 /* PercentLabel.swift */ = {isa = PBXFileReference; fileEncoding = 4; lastKnownFileType = sourcecode.swift; path = PercentLabel.swift; sourceTree = "<group>"; };
		2C6D374B1CC85A180077F4A9 /* whitespace-montgomery-logo.png */ = {isa = PBXFileReference; lastKnownFileType = image.png; path = "whitespace-montgomery-logo.png"; sourceTree = "<group>"; };
		2C825A431F8403C1007456DF /* GPAHistoryViewController.swift */ = {isa = PBXFileReference; lastKnownFileType = sourcecode.swift; path = GPAHistoryViewController.swift; sourceTree = "<group>"; };
		2C825A501F86C562007456DF /* YearViewController.swift */ = {isa = PBXFileReference; lastKnownFileType = sourcecode.swift; path = YearViewController.swift; sourceTree = "<group>"; };
		2C918C4D1CAC8CA300C80299 /* SystemConfiguration.framework */ = {isa = PBXFileReference; lastKnownFileType = wrapper.framework; name = SystemConfiguration.framework; path = System/Library/Frameworks/SystemConfiguration.framework; sourceTree = SDKROOT; };
		2C918C4F1CAC8D8400C80299 /* GradeCheck-Bridging-Header.h */ = {isa = PBXFileReference; fileEncoding = 4; lastKnownFileType = sourcecode.c.h; path = "GradeCheck-Bridging-Header.h"; sourceTree = "<group>"; };
		2C94C0A71FB3A10A0045677E /* AppIcon.appiconset */ = {isa = PBXFileReference; lastKnownFileType = folder; name = AppIcon.appiconset; path = ../../../Downloads/GCheckFinal/ios/AppIcon.appiconset; sourceTree = "<group>"; };
		2C94C0A91FB3A2950045677E /* GradeCheckLogo.png */ = {isa = PBXFileReference; lastKnownFileType = image.png; name = GradeCheckLogo.png; path = ../../../Downloads/GradeCheckLogo.png; sourceTree = "<group>"; };
		2C94C0B31FB3A8510045677E /* OnboardingViewController.h */ = {isa = PBXFileReference; lastKnownFileType = sourcecode.c.h; path = OnboardingViewController.h; sourceTree = "<group>"; };
		2C94C0B41FB3A8510045677E /* OnboardingContentViewController.h */ = {isa = PBXFileReference; lastKnownFileType = sourcecode.c.h; path = OnboardingContentViewController.h; sourceTree = "<group>"; };
		2C94C0B51FB3A8520045677E /* OnboardingContentViewController.m */ = {isa = PBXFileReference; lastKnownFileType = sourcecode.c.objc; path = OnboardingContentViewController.m; sourceTree = "<group>"; };
		2C94C0B61FB3A8520045677E /* OnboardingContentViewController_Private.h */ = {isa = PBXFileReference; lastKnownFileType = sourcecode.c.h; path = OnboardingContentViewController_Private.h; sourceTree = "<group>"; };
		2C94C0B71FB3A8520045677E /* OnboardingViewController.m */ = {isa = PBXFileReference; lastKnownFileType = sourcecode.c.objc; path = OnboardingViewController.m; sourceTree = "<group>"; };
		2C94C0BD1FB55C2A0045677E /* background.png */ = {isa = PBXFileReference; lastKnownFileType = image.png; name = background.png; path = ../../../Downloads/background.png; sourceTree = "<group>"; };
		2C94C0BF1FB560DD0045677E /* study.jpg */ = {isa = PBXFileReference; lastKnownFileType = image.jpeg; name = study.jpg; path = ../../../Downloads/study.jpg; sourceTree = "<group>"; };
		2C9D84931F5CD57C0011A0C3 /* detailCell.xib */ = {isa = PBXFileReference; fileEncoding = 4; lastKnownFileType = file.xib; path = detailCell.xib; sourceTree = "<group>"; };
		2C9D84971F5CD82C0011A0C3 /* SlideCell.swift */ = {isa = PBXFileReference; fileEncoding = 4; lastKnownFileType = sourcecode.swift; path = SlideCell.swift; sourceTree = "<group>"; };
		2C9D849F1F5CE0470011A0C3 /* Back-Chevron.png */ = {isa = PBXFileReference; lastKnownFileType = image.png; path = "Back-Chevron.png"; sourceTree = "<group>"; };
		2CA5B1501CC70E30005F80CE /* ExpandAnimator.swift */ = {isa = PBXFileReference; fileEncoding = 4; lastKnownFileType = sourcecode.swift; path = ExpandAnimator.swift; sourceTree = "<group>"; };
		2CA67E1F1DADDFDA0093B7F6 /* download.png */ = {isa = PBXFileReference; lastKnownFileType = image.png; name = download.png; path = ../../../Downloads/download.png; sourceTree = "<group>"; };
		2CB258621DEB67F40023E9A6 /* Charts.xcodeproj */ = {isa = PBXFileReference; lastKnownFileType = "wrapper.pb-project"; name = Charts.xcodeproj; path = "../../Downloads/Charts-master/Charts.xcodeproj"; sourceTree = "<group>"; };
		2CB258731DECECB40023E9A6 /* GradeCheck.entitlements */ = {isa = PBXFileReference; lastKnownFileType = text.plist.entitlements; path = GradeCheck.entitlements; sourceTree = "<group>"; };
		2CB7555D1F8BEE8C00E4A377 /* GPAViewCell.swift */ = {isa = PBXFileReference; lastKnownFileType = sourcecode.swift; path = GPAViewCell.swift; sourceTree = "<group>"; };
		2CD720AE1CAB140900338CA7 /* GraphData.swift */ = {isa = PBXFileReference; fileEncoding = 4; lastKnownFileType = sourcecode.swift; path = GraphData.swift; sourceTree = "<group>"; };
		2CD720C01CAC5B2200338CA7 /* DetailStatTableViewCell.swift */ = {isa = PBXFileReference; fileEncoding = 4; lastKnownFileType = sourcecode.swift; path = DetailStatTableViewCell.swift; sourceTree = "<group>"; };
		2CEC13151CC27D6B00678AA8 /* grades-icon3.png */ = {isa = PBXFileReference; lastKnownFileType = image.png; path = "grades-icon3.png"; sourceTree = "<group>"; };
		2CEC131F1CC2835E00678AA8 /* statistics.png */ = {isa = PBXFileReference; lastKnownFileType = image.png; path = statistics.png; sourceTree = "<group>"; };
		2CEC13231CC4098300678AA8 /* statistics@2x.png */ = {isa = PBXFileReference; lastKnownFileType = image.png; path = "statistics@2x.png"; sourceTree = "<group>"; };
		2CEC13251CC40AD500678AA8 /* assign@2x.png */ = {isa = PBXFileReference; lastKnownFileType = image.png; path = "assign@2x.png"; sourceTree = "<group>"; };
		2CEC13271CC40B1A00678AA8 /* assign.png */ = {isa = PBXFileReference; lastKnownFileType = image.png; path = assign.png; sourceTree = "<group>"; };
		2CEC13291CC40BA000678AA8 /* grades-icon3@2x.png */ = {isa = PBXFileReference; lastKnownFileType = image.png; path = "grades-icon3@2x.png"; sourceTree = "<group>"; };
		2CF2697F1FBBE3FD00EBAEF4 /* MarkingPeriodSwitchTableViewCell.swift */ = {isa = PBXFileReference; lastKnownFileType = sourcecode.swift; path = MarkingPeriodSwitchTableViewCell.swift; sourceTree = "<group>"; };
		2CFE269D1CCBEC54001B7AAE /* ProjectionGradeViewController.swift */ = {isa = PBXFileReference; fileEncoding = 4; lastKnownFileType = sourcecode.swift; path = ProjectionGradeViewController.swift; sourceTree = "<group>"; };
		2CFE26A21CCC7105001B7AAE /* SliderPercentView.swift */ = {isa = PBXFileReference; fileEncoding = 4; lastKnownFileType = sourcecode.swift; path = SliderPercentView.swift; sourceTree = "<group>"; };
		ED64DEA81CA3718D00B25150 /* DetailGradeViewController.swift */ = {isa = PBXFileReference; fileEncoding = 4; lastKnownFileType = sourcecode.swift; path = DetailGradeViewController.swift; sourceTree = "<group>"; };
		ED64DEAE1CA4677E00B25150 /* DetailGradeTableViewCell.swift */ = {isa = PBXFileReference; fileEncoding = 4; lastKnownFileType = sourcecode.swift; path = DetailGradeTableViewCell.swift; sourceTree = "<group>"; };
		ED7AA2071C7E9BFF001B2E68 /* AssignmentsTableViewCell.swift */ = {isa = PBXFileReference; fileEncoding = 4; lastKnownFileType = sourcecode.swift; path = AssignmentsTableViewCell.swift; sourceTree = "<group>"; };
		ED7AA20A1C83986D001B2E68 /* calendar.png */ = {isa = PBXFileReference; lastKnownFileType = image.png; path = calendar.png; sourceTree = "<group>"; };
		ED7AA20C1C84E9CF001B2E68 /* CellAnimation.swift */ = {isa = PBXFileReference; fileEncoding = 4; lastKnownFileType = sourcecode.swift; path = CellAnimation.swift; sourceTree = "<group>"; };
		ED7AA20F1C9508C4001B2E68 /* StatViewController.swift */ = {isa = PBXFileReference; fileEncoding = 4; lastKnownFileType = sourcecode.swift; path = StatViewController.swift; sourceTree = "<group>"; };
		ED7AA2111C962171001B2E68 /* GPAView.swift */ = {isa = PBXFileReference; fileEncoding = 4; lastKnownFileType = sourcecode.swift; path = GPAView.swift; sourceTree = "<group>"; };
		ED7AA2271CA0975B001B2E68 /* StatTableViewCell.swift */ = {isa = PBXFileReference; fileEncoding = 4; lastKnownFileType = sourcecode.swift; path = StatTableViewCell.swift; sourceTree = "<group>"; };
		ED7AA2291CA0C0FC001B2E68 /* DetailStatViewController.swift */ = {isa = PBXFileReference; fileEncoding = 4; lastKnownFileType = sourcecode.swift; path = DetailStatViewController.swift; sourceTree = "<group>"; };
		EDBE85DC1C78ED280031EE8B /* GradeCheck.app */ = {isa = PBXFileReference; explicitFileType = wrapper.application; includeInIndex = 0; path = GradeCheck.app; sourceTree = BUILT_PRODUCTS_DIR; };
		EDBE85DF1C78ED280031EE8B /* AppDelegate.swift */ = {isa = PBXFileReference; lastKnownFileType = sourcecode.swift; path = AppDelegate.swift; sourceTree = "<group>"; };
		EDBE85E41C78ED280031EE8B /* Base */ = {isa = PBXFileReference; lastKnownFileType = file.storyboard; name = Base; path = Base.lproj/Main.storyboard; sourceTree = "<group>"; };
		EDBE85E61C78ED280031EE8B /* Assets.xcassets */ = {isa = PBXFileReference; lastKnownFileType = folder.assetcatalog; path = Assets.xcassets; sourceTree = "<group>"; };
		EDBE85E91C78ED280031EE8B /* Base */ = {isa = PBXFileReference; lastKnownFileType = file.storyboard; name = Base; path = Base.lproj/LaunchScreen.storyboard; sourceTree = "<group>"; };
		EDBE85EB1C78ED290031EE8B /* Info.plist */ = {isa = PBXFileReference; lastKnownFileType = text.plist.xml; path = Info.plist; sourceTree = "<group>"; };
		EDBE85F01C78ED290031EE8B /* GradeCheckUITests.xctest */ = {isa = PBXFileReference; explicitFileType = wrapper.cfbundle; includeInIndex = 0; path = GradeCheckUITests.xctest; sourceTree = BUILT_PRODUCTS_DIR; };
		EDBE85F41C78ED2A0031EE8B /* GradeCheckUITests.swift */ = {isa = PBXFileReference; lastKnownFileType = sourcecode.swift; path = GradeCheckUITests.swift; sourceTree = "<group>"; };
		EDBE85F61C78ED2A0031EE8B /* Info.plist */ = {isa = PBXFileReference; lastKnownFileType = text.plist.xml; path = Info.plist; sourceTree = "<group>"; };
		EDBE85FF1C7A2A150031EE8B /* LoginViewController.swift */ = {isa = PBXFileReference; fileEncoding = 4; lastKnownFileType = sourcecode.swift; path = LoginViewController.swift; sourceTree = "<group>"; };
		EDBE86061C7A46B10031EE8B /* back1.png */ = {isa = PBXFileReference; lastKnownFileType = image.png; path = back1.png; sourceTree = "<group>"; };
		EDBE86081C7A4B9A0031EE8B /* Keychain.swift */ = {isa = PBXFileReference; fileEncoding = 4; lastKnownFileType = sourcecode.swift; path = Keychain.swift; sourceTree = "<group>"; };
		EDBE860A1C7A5ADD0031EE8B /* GradeTableViewController.swift */ = {isa = PBXFileReference; fileEncoding = 4; lastKnownFileType = sourcecode.swift; path = GradeTableViewController.swift; sourceTree = "<group>"; };
		EDBE860C1C7A5BB60031EE8B /* GradeTableViewCell.swift */ = {isa = PBXFileReference; fileEncoding = 4; lastKnownFileType = sourcecode.swift; path = GradeTableViewCell.swift; sourceTree = "<group>"; };
		EDBE860F1C7A5F2B0031EE8B /* GradeViewController.swift */ = {isa = PBXFileReference; fileEncoding = 4; lastKnownFileType = sourcecode.swift; path = GradeViewController.swift; sourceTree = "<group>"; };
		EDBE86111C7A9B230031EE8B /* AssignmentsTableViewController.swift */ = {isa = PBXFileReference; fileEncoding = 4; lastKnownFileType = sourcecode.swift; name = AssignmentsTableViewController.swift; path = ../AssignmentsTableViewController.swift; sourceTree = "<group>"; };
/* End PBXFileReference section */

/* Begin PBXFrameworksBuildPhase section */
		EDBE85D91C78ED270031EE8B /* Frameworks */ = {
			isa = PBXFrameworksBuildPhase;
			buildActionMask = 2147483647;
			files = (
				2CB2586E1DEB68590023E9A6 /* Charts.framework in Frameworks */,
				2C918C4E1CAC8CA300C80299 /* SystemConfiguration.framework in Frameworks */,
				2C19AF151CBC686000BB73DE /* OneSignal.framework in Frameworks */,
			);
			runOnlyForDeploymentPostprocessing = 0;
		};
		EDBE85ED1C78ED290031EE8B /* Frameworks */ = {
			isa = PBXFrameworksBuildPhase;
			buildActionMask = 2147483647;
			files = (
			);
			runOnlyForDeploymentPostprocessing = 0;
		};
/* End PBXFrameworksBuildPhase section */

/* Begin PBXGroup section */
		2C6AB48C1CFCF4B500E77252 /* Settings */ = {
			isa = PBXGroup;
			children = (
				2C22E30C1CF7CFBC0011C2DE /* SettingsViewController.swift */,
				2CF2697F1FBBE3FD00EBAEF4 /* MarkingPeriodSwitchTableViewCell.swift */,
				2C6AB4871CFCF4AC00E77252 /* SettingsTableViewCell.swift */,
				2C6AB48D1CFCFE0B00E77252 /* SettingsSwitchTableViewCell.swift */,
			);
			name = Settings;
			sourceTree = "<group>";
		};
		2C94C0B21FB3A8500045677E /* New Group */ = {
			isa = PBXGroup;
			children = (
				2C94C0B61FB3A8520045677E /* OnboardingContentViewController_Private.h */,
				2C94C0B41FB3A8510045677E /* OnboardingContentViewController.h */,
				2C94C0B51FB3A8520045677E /* OnboardingContentViewController.m */,
				2C94C0B31FB3A8510045677E /* OnboardingViewController.h */,
				2C94C0B71FB3A8520045677E /* OnboardingViewController.m */,
			);
			name = "New Group";
			sourceTree = "<group>";
		};
		2CB258631DEB67F40023E9A6 /* Products */ = {
			isa = PBXGroup;
			children = (
				2CB258691DEB67F40023E9A6 /* Charts.framework */,
				2CB2586B1DEB67F40023E9A6 /* ChartsRealm.framework */,
				2CB2586D1DEB67F40023E9A6 /* ChartsTests.xctest */,
			);
			name = Products;
			sourceTree = "<group>";
		};
		ED7AA2091C7E9C0B001B2E68 /* Assignments */ = {
			isa = PBXGroup;
			children = (
				EDBE86111C7A9B230031EE8B /* AssignmentsTableViewController.swift */,
				ED7AA2071C7E9BFF001B2E68 /* AssignmentsTableViewCell.swift */,
				2C04CDD91CC9951B008B9FF4 /* TableSectionHeader.swift */,
				2C04CDEC1CCAFD8E008B9FF4 /* AssignmentDetailModalViewController.swift */,
				2C031C641CD2FD0D00390BC7 /* ForceTouchAssignmentsDetailViewController.swift */,
				2C04CDF01CCB362E008B9FF4 /* AssignmentScoreView.swift */,
				2C04CDE21CC997E6008B9FF4 /* TableSectionHeader.xib */,
			);
			name = Assignments;
			sourceTree = "<group>";
		};
		ED7AA20E1C950832001B2E68 /* Stats */ = {
			isa = PBXGroup;
			children = (
				2C6AB48C1CFCF4B500E77252 /* Settings */,
				ED7AA20F1C9508C4001B2E68 /* StatViewController.swift */,
				2C825A431F8403C1007456DF /* GPAHistoryViewController.swift */,
				2C825A501F86C562007456DF /* YearViewController.swift */,
				2CB7555D1F8BEE8C00E4A377 /* GPAViewCell.swift */,
				ED7AA2271CA0975B001B2E68 /* StatTableViewCell.swift */,
				ED7AA2111C962171001B2E68 /* GPAView.swift */,
				ED7AA2291CA0C0FC001B2E68 /* DetailStatViewController.swift */,
				2CD720C01CAC5B2200338CA7 /* DetailStatTableViewCell.swift */,
				2CD720AE1CAB140900338CA7 /* GraphData.swift */,
			);
			name = Stats;
			sourceTree = "<group>";
		};
		EDBE85D31C78ED260031EE8B = {
			isa = PBXGroup;
			children = (
				2CB258621DEB67F40023E9A6 /* Charts.xcodeproj */,
				2C19AF141CBC686000BB73DE /* OneSignal.framework */,
				2C918C4D1CAC8CA300C80299 /* SystemConfiguration.framework */,
				EDBE85DE1C78ED280031EE8B /* GradeCheck */,
				EDBE85F31C78ED2A0031EE8B /* GradeCheckUITests */,
				EDBE85DD1C78ED280031EE8B /* Products */,
			);
			sourceTree = "<group>";
		};
		EDBE85DD1C78ED280031EE8B /* Products */ = {
			isa = PBXGroup;
			children = (
				EDBE85DC1C78ED280031EE8B /* GradeCheck.app */,
				EDBE85F01C78ED290031EE8B /* GradeCheckUITests.xctest */,
			);
			name = Products;
			sourceTree = "<group>";
		};
		EDBE85DE1C78ED280031EE8B /* GradeCheck */ = {
			isa = PBXGroup;
			children = (
				2CB258731DECECB40023E9A6 /* GradeCheck.entitlements */,
				EDBE85DF1C78ED280031EE8B /* AppDelegate.swift */,
				EDBE860E1C7A5BC30031EE8B /* GradeTable */,
				ED7AA2091C7E9C0B001B2E68 /* Assignments */,
				ED7AA20E1C950832001B2E68 /* Stats */,
				EDBE860F1C7A5F2B0031EE8B /* GradeViewController.swift */,
				2C1E22541DFC896A008CC80F /* IColor.swift */,
				EDBE85FF1C7A2A150031EE8B /* LoginViewController.swift */,
				EDBE86081C7A4B9A0031EE8B /* Keychain.swift */,
				2CA5B1501CC70E30005F80CE /* ExpandAnimator.swift */,
				ED7AA20C1C84E9CF001B2E68 /* CellAnimation.swift */,
				2C94C0B21FB3A8500045677E /* New Group */,
				EDBE85E31C78ED280031EE8B /* Main.storyboard */,
				EDBE86031C7A2D5D0031EE8B /* art */,
				EDBE85E61C78ED280031EE8B /* Assets.xcassets */,
				EDBE85E81C78ED280031EE8B /* LaunchScreen.storyboard */,
				EDBE85EB1C78ED290031EE8B /* Info.plist */,
				2C918C4F1CAC8D8400C80299 /* GradeCheck-Bridging-Header.h */,
			);
			path = GradeCheck;
			sourceTree = "<group>";
		};
		EDBE85F31C78ED2A0031EE8B /* GradeCheckUITests */ = {
			isa = PBXGroup;
			children = (
				EDBE85F41C78ED2A0031EE8B /* GradeCheckUITests.swift */,
				EDBE85F61C78ED2A0031EE8B /* Info.plist */,
			);
			path = GradeCheckUITests;
			sourceTree = "<group>";
		};
		EDBE86031C7A2D5D0031EE8B /* art */ = {
			isa = PBXGroup;
			children = (
				2CA67E1F1DADDFDA0093B7F6 /* download.png */,
				2C22E30E1CF7D47A0011C2DE /* blurrymont.png */,
				2C04CDEE1CCB0E32008B9FF4 /* close.png */,
				2C22E30A1CF7C9850011C2DE /* settings.png */,
				2C6D374B1CC85A180077F4A9 /* whitespace-montgomery-logo.png */,
				2C1FFD391FB6A3CA00856599 /* soft.jpg */,
				2C94C0BF1FB560DD0045677E /* study.jpg */,
				2CEC13271CC40B1A00678AA8 /* assign.png */,
				2C9D849F1F5CE0470011A0C3 /* Back-Chevron.png */,
				2C04CDEA1CC9B2FC008B9FF4 /* check.png */,
				2CEC13231CC4098300678AA8 /* statistics@2x.png */,
				EDBE86061C7A46B10031EE8B /* back1.png */,
				2CEC131F1CC2835E00678AA8 /* statistics.png */,
				2C94C0A91FB3A2950045677E /* GradeCheckLogo.png */,
				2CEC13251CC40AD500678AA8 /* assign@2x.png */,
				2CEC13291CC40BA000678AA8 /* grades-icon3@2x.png */,
				2CEC13151CC27D6B00678AA8 /* grades-icon3.png */,
				ED7AA20A1C83986D001B2E68 /* calendar.png */,
				2C94C0BD1FB55C2A0045677E /* background.png */,
				2C94C0A71FB3A10A0045677E /* AppIcon.appiconset */,
			);
			name = art;
			sourceTree = "<group>";
		};
		EDBE860E1C7A5BC30031EE8B /* GradeTable */ = {
			isa = PBXGroup;
			children = (
				EDBE860A1C7A5ADD0031EE8B /* GradeTableViewController.swift */,
				EDBE860C1C7A5BB60031EE8B /* GradeTableViewCell.swift */,
				ED64DEA81CA3718D00B25150 /* DetailGradeViewController.swift */,
				2C9D84931F5CD57C0011A0C3 /* detailCell.xib */,
				ED64DEAE1CA4677E00B25150 /* DetailGradeTableViewCell.swift */,
				2C9D84971F5CD82C0011A0C3 /* SlideCell.swift */,
				2CFE269D1CCBEC54001B7AAE /* ProjectionGradeViewController.swift */,
				2CFE26A21CCC7105001B7AAE /* SliderPercentView.swift */,
				2C6D37441CC82BAF0077F4A9 /* PercentLabel.swift */,
			);
			name = GradeTable;
			sourceTree = "<group>";
		};
/* End PBXGroup section */

/* Begin PBXNativeTarget section */
		EDBE85DB1C78ED270031EE8B /* GradeCheck */ = {
			isa = PBXNativeTarget;
			buildConfigurationList = EDBE85F91C78ED2A0031EE8B /* Build configuration list for PBXNativeTarget "GradeCheck" */;
			buildPhases = (
				EDBE85D81C78ED270031EE8B /* Sources */,
				EDBE85D91C78ED270031EE8B /* Frameworks */,
				EDBE85DA1C78ED270031EE8B /* Resources */,
				ED7AA2261C9F4F99001B2E68 /* Embed Frameworks */,
			);
			buildRules = (
			);
			dependencies = (
				2CB258711DEB68590023E9A6 /* PBXTargetDependency */,
			);
			name = GradeCheck;
			productName = GradeCheck;
			productReference = EDBE85DC1C78ED280031EE8B /* GradeCheck.app */;
			productType = "com.apple.product-type.application";
		};
		EDBE85EF1C78ED290031EE8B /* GradeCheckUITests */ = {
			isa = PBXNativeTarget;
			buildConfigurationList = EDBE85FC1C78ED2A0031EE8B /* Build configuration list for PBXNativeTarget "GradeCheckUITests" */;
			buildPhases = (
				EDBE85EC1C78ED290031EE8B /* Sources */,
				EDBE85ED1C78ED290031EE8B /* Frameworks */,
				EDBE85EE1C78ED290031EE8B /* Resources */,
			);
			buildRules = (
			);
			dependencies = (
				EDBE85F21C78ED290031EE8B /* PBXTargetDependency */,
			);
			name = GradeCheckUITests;
			productName = GradeCheckUITests;
			productReference = EDBE85F01C78ED290031EE8B /* GradeCheckUITests.xctest */;
			productType = "com.apple.product-type.bundle.ui-testing";
		};
/* End PBXNativeTarget section */

/* Begin PBXProject section */
		EDBE85D41C78ED270031EE8B /* Project object */ = {
			isa = PBXProject;
			attributes = {
				LastSwiftUpdateCheck = 0720;
				LastUpgradeCheck = 0810;
				ORGANIZATIONNAME = "Ivan Chau";
				TargetAttributes = {
					EDBE85DB1C78ED270031EE8B = {
						CreatedOnToolsVersion = 7.2.1;
						DevelopmentTeam = WD6FRG4V7Z;
						LastSwiftMigration = 0810;
						ProvisioningStyle = Automatic;
						SystemCapabilities = {
							com.apple.BackgroundModes = {
								enabled = 1;
							};
							com.apple.Keychain = {
								enabled = 1;
							};
							com.apple.Push = {
								enabled = 0;
							};
						};
					};
					EDBE85EF1C78ED290031EE8B = {
						CreatedOnToolsVersion = 7.2.1;
						LastSwiftMigration = 0810;
						TestTargetID = EDBE85DB1C78ED270031EE8B;
					};
				};
			};
			buildConfigurationList = EDBE85D71C78ED270031EE8B /* Build configuration list for PBXProject "GradeCheck" */;
			compatibilityVersion = "Xcode 3.2";
			developmentRegion = English;
			hasScannedForEncodings = 0;
			knownRegions = (
				en,
				Base,
			);
			mainGroup = EDBE85D31C78ED260031EE8B;
			productRefGroup = EDBE85DD1C78ED280031EE8B /* Products */;
			projectDirPath = "";
			projectReferences = (
				{
					ProductGroup = 2CB258631DEB67F40023E9A6 /* Products */;
					ProjectRef = 2CB258621DEB67F40023E9A6 /* Charts.xcodeproj */;
				},
			);
			projectRoot = "";
			targets = (
				EDBE85DB1C78ED270031EE8B /* GradeCheck */,
				EDBE85EF1C78ED290031EE8B /* GradeCheckUITests */,
			);
		};
/* End PBXProject section */

/* Begin PBXReferenceProxy section */
		2CB258691DEB67F40023E9A6 /* Charts.framework */ = {
			isa = PBXReferenceProxy;
			fileType = wrapper.framework;
			path = Charts.framework;
			remoteRef = 2CB258681DEB67F40023E9A6 /* PBXContainerItemProxy */;
			sourceTree = BUILT_PRODUCTS_DIR;
		};
		2CB2586B1DEB67F40023E9A6 /* ChartsRealm.framework */ = {
			isa = PBXReferenceProxy;
			fileType = wrapper.framework;
			path = ChartsRealm.framework;
			remoteRef = 2CB2586A1DEB67F40023E9A6 /* PBXContainerItemProxy */;
			sourceTree = BUILT_PRODUCTS_DIR;
		};
		2CB2586D1DEB67F40023E9A6 /* ChartsTests.xctest */ = {
			isa = PBXReferenceProxy;
			fileType = wrapper.cfbundle;
			path = ChartsTests.xctest;
			remoteRef = 2CB2586C1DEB67F40023E9A6 /* PBXContainerItemProxy */;
			sourceTree = BUILT_PRODUCTS_DIR;
		};
/* End PBXReferenceProxy section */

/* Begin PBXResourcesBuildPhase section */
		EDBE85DA1C78ED270031EE8B /* Resources */ = {
			isa = PBXResourcesBuildPhase;
			buildActionMask = 2147483647;
			files = (
				ED7AA20B1C83986D001B2E68 /* calendar.png in Resources */,
				2C1FFD3C1FB6A3CB00856599 /* soft.jpg in Resources */,
				2C94C0C01FB560DD0045677E /* study.jpg in Resources */,
				EDBE86071C7A46B10031EE8B /* back1.png in Resources */,
				2CEC13241CC4098300678AA8 /* statistics@2x.png in Resources */,
				2CEC132A1CC40BA000678AA8 /* grades-icon3@2x.png in Resources */,
				2C04CDEB1CC9B2FC008B9FF4 /* check.png in Resources */,
				2C22E30F1CF7D47A0011C2DE /* blurrymont.png in Resources */,
				2CEC13201CC2835E00678AA8 /* statistics.png in Resources */,
				2C9D84941F5CD57C0011A0C3 /* detailCell.xib in Resources */,
				EDBE85EA1C78ED280031EE8B /* LaunchScreen.storyboard in Resources */,
				2CEC13161CC27D6B00678AA8 /* grades-icon3.png in Resources */,
				2C9D84A01F5CE0470011A0C3 /* Back-Chevron.png in Resources */,
				2CEC13281CC40B1A00678AA8 /* assign.png in Resources */,
				2C6D374C1CC85A180077F4A9 /* whitespace-montgomery-logo.png in Resources */,
				2CA67E201DADDFDA0093B7F6 /* download.png in Resources */,
				2C94C0A81FB3A10A0045677E /* AppIcon.appiconset in Resources */,
				2C94C0BE1FB55C2B0045677E /* background.png in Resources */,
				2C22E30B1CF7C9850011C2DE /* settings.png in Resources */,
				2C04CDEF1CCB0E32008B9FF4 /* close.png in Resources */,
				EDBE85E71C78ED280031EE8B /* Assets.xcassets in Resources */,
				2C04CDE31CC997E6008B9FF4 /* TableSectionHeader.xib in Resources */,
				2C94C0AA1FB3A2950045677E /* GradeCheckLogo.png in Resources */,
				EDBE85E51C78ED280031EE8B /* Main.storyboard in Resources */,
				2CEC13261CC40AD500678AA8 /* assign@2x.png in Resources */,
			);
			runOnlyForDeploymentPostprocessing = 0;
		};
		EDBE85EE1C78ED290031EE8B /* Resources */ = {
			isa = PBXResourcesBuildPhase;
			buildActionMask = 2147483647;
			files = (
			);
			runOnlyForDeploymentPostprocessing = 0;
		};
/* End PBXResourcesBuildPhase section */

/* Begin PBXSourcesBuildPhase section */
		EDBE85D81C78ED270031EE8B /* Sources */ = {
			isa = PBXSourcesBuildPhase;
			buildActionMask = 2147483647;
			files = (
				2C94C0B81FB3AE8E0045677E /* OnboardingContentViewController_Private.h in Sources */,
				2C94C0B91FB3AE8E0045677E /* OnboardingContentViewController.h in Sources */,
				2C94C0BA1FB3AE8E0045677E /* OnboardingContentViewController.m in Sources */,
				2C94C0BB1FB3AE8E0045677E /* OnboardingViewController.h in Sources */,
				2C94C0BC1FB3AE8E0045677E /* OnboardingViewController.m in Sources */,
				2C6D37451CC82BAF0077F4A9 /* PercentLabel.swift in Sources */,
				2CFE26A31CCC7105001B7AAE /* SliderPercentView.swift in Sources */,
				2C1E22551DFC896A008CC80F /* IColor.swift in Sources */,
				2C825A511F86C562007456DF /* YearViewController.swift in Sources */,
				2C6AB4881CFCF4AC00E77252 /* SettingsTableViewCell.swift in Sources */,
				2CB7555E1F8BEE8C00E4A377 /* GPAViewCell.swift in Sources */,
				ED7AA22A1CA0C0FC001B2E68 /* DetailStatViewController.swift in Sources */,
				2CFE269E1CCBEC54001B7AAE /* ProjectionGradeViewController.swift in Sources */,
				ED7AA2081C7E9BFF001B2E68 /* AssignmentsTableViewCell.swift in Sources */,
				2C9D84981F5CD82C0011A0C3 /* SlideCell.swift in Sources */,
				ED7AA2281CA0975D001B2E68 /* StatTableViewCell.swift in Sources */,
				2C031C651CD2FD0D00390BC7 /* ForceTouchAssignmentsDetailViewController.swift in Sources */,
				ED64DEA91CA3718D00B25150 /* DetailGradeViewController.swift in Sources */,
				2CD720C11CAC5B2200338CA7 /* DetailStatTableViewCell.swift in Sources */,
				EDBE86121C7A9B230031EE8B /* AssignmentsTableViewController.swift in Sources */,
				EDBE860D1C7A5BB60031EE8B /* GradeTableViewCell.swift in Sources */,
				2C04CDED1CCAFD8E008B9FF4 /* AssignmentDetailModalViewController.swift in Sources */,
				2CD720AF1CAB140A00338CA7 /* GraphData.swift in Sources */,
				2C825A441F8403C1007456DF /* GPAHistoryViewController.swift in Sources */,
				2C6AB48E1CFCFE0B00E77252 /* SettingsSwitchTableViewCell.swift in Sources */,
				2CA5B1511CC70E30005F80CE /* ExpandAnimator.swift in Sources */,
				EDBE86001C7A2A150031EE8B /* LoginViewController.swift in Sources */,
				2C04CDF11CCB362E008B9FF4 /* AssignmentScoreView.swift in Sources */,
				ED64DEAF1CA4677E00B25150 /* DetailGradeTableViewCell.swift in Sources */,
				EDBE85E01C78ED280031EE8B /* AppDelegate.swift in Sources */,
				2CF269801FBBE3FD00EBAEF4 /* MarkingPeriodSwitchTableViewCell.swift in Sources */,
				2C04CDDA1CC9951B008B9FF4 /* TableSectionHeader.swift in Sources */,
				EDBE86091C7A4B9A0031EE8B /* Keychain.swift in Sources */,
				ED7AA20D1C84E9CF001B2E68 /* CellAnimation.swift in Sources */,
				EDBE86101C7A5F2B0031EE8B /* GradeViewController.swift in Sources */,
				ED7AA2101C9508C4001B2E68 /* StatViewController.swift in Sources */,
				2C22E30D1CF7CFBC0011C2DE /* SettingsViewController.swift in Sources */,
				ED7AA2121C962172001B2E68 /* GPAView.swift in Sources */,
				EDBE860B1C7A5ADD0031EE8B /* GradeTableViewController.swift in Sources */,
			);
			runOnlyForDeploymentPostprocessing = 0;
		};
		EDBE85EC1C78ED290031EE8B /* Sources */ = {
			isa = PBXSourcesBuildPhase;
			buildActionMask = 2147483647;
			files = (
				EDBE85F51C78ED2A0031EE8B /* GradeCheckUITests.swift in Sources */,
			);
			runOnlyForDeploymentPostprocessing = 0;
		};
/* End PBXSourcesBuildPhase section */

/* Begin PBXTargetDependency section */
		2CB258711DEB68590023E9A6 /* PBXTargetDependency */ = {
			isa = PBXTargetDependency;
			name = Charts;
			targetProxy = 2CB258701DEB68590023E9A6 /* PBXContainerItemProxy */;
		};
		EDBE85F21C78ED290031EE8B /* PBXTargetDependency */ = {
			isa = PBXTargetDependency;
			target = EDBE85DB1C78ED270031EE8B /* GradeCheck */;
			targetProxy = EDBE85F11C78ED290031EE8B /* PBXContainerItemProxy */;
		};
/* End PBXTargetDependency section */

/* Begin PBXVariantGroup section */
		EDBE85E31C78ED280031EE8B /* Main.storyboard */ = {
			isa = PBXVariantGroup;
			children = (
				EDBE85E41C78ED280031EE8B /* Base */,
			);
			name = Main.storyboard;
			sourceTree = "<group>";
		};
		EDBE85E81C78ED280031EE8B /* LaunchScreen.storyboard */ = {
			isa = PBXVariantGroup;
			children = (
				EDBE85E91C78ED280031EE8B /* Base */,
			);
			name = LaunchScreen.storyboard;
			sourceTree = "<group>";
		};
/* End PBXVariantGroup section */

/* Begin XCBuildConfiguration section */
		EDBE85F71C78ED2A0031EE8B /* Debug */ = {
			isa = XCBuildConfiguration;
			buildSettings = {
				ALWAYS_SEARCH_USER_PATHS = NO;
				CLANG_CXX_LANGUAGE_STANDARD = "gnu++0x";
				CLANG_CXX_LIBRARY = "libc++";
				CLANG_ENABLE_MODULES = YES;
				CLANG_ENABLE_OBJC_ARC = YES;
				CLANG_WARN_BOOL_CONVERSION = YES;
				CLANG_WARN_CONSTANT_CONVERSION = YES;
				CLANG_WARN_DIRECT_OBJC_ISA_USAGE = YES_ERROR;
				CLANG_WARN_EMPTY_BODY = YES;
				CLANG_WARN_ENUM_CONVERSION = YES;
				CLANG_WARN_INFINITE_RECURSION = YES;
				CLANG_WARN_INT_CONVERSION = YES;
				CLANG_WARN_OBJC_ROOT_CLASS = YES_ERROR;
				CLANG_WARN_SUSPICIOUS_MOVE = YES;
				CLANG_WARN_UNREACHABLE_CODE = YES;
				CLANG_WARN__DUPLICATE_METHOD_MATCH = YES;
				"CODE_SIGN_IDENTITY[sdk=iphoneos*]" = "iPhone Developer";
				COPY_PHASE_STRIP = NO;
				DEBUG_INFORMATION_FORMAT = dwarf;
				ENABLE_STRICT_OBJC_MSGSEND = YES;
				ENABLE_TESTABILITY = YES;
				GCC_C_LANGUAGE_STANDARD = gnu99;
				GCC_DYNAMIC_NO_PIC = NO;
				GCC_NO_COMMON_BLOCKS = YES;
				GCC_OPTIMIZATION_LEVEL = 0;
				GCC_PREPROCESSOR_DEFINITIONS = (
					"DEBUG=1",
					"$(inherited)",
				);
				GCC_WARN_64_TO_32_BIT_CONVERSION = YES;
				GCC_WARN_ABOUT_RETURN_TYPE = YES_ERROR;
				GCC_WARN_UNDECLARED_SELECTOR = YES;
				GCC_WARN_UNINITIALIZED_AUTOS = YES_AGGRESSIVE;
				GCC_WARN_UNUSED_FUNCTION = YES;
				GCC_WARN_UNUSED_VARIABLE = YES;
				IPHONEOS_DEPLOYMENT_TARGET = 9.2;
				MTL_ENABLE_DEBUG_INFO = YES;
				ONLY_ACTIVE_ARCH = YES;
				PROVISIONING_PROFILE = "37f1fdee-eaad-4501-8a0b-44df63e5ed3a";
				SDKROOT = iphoneos;
				SWIFT_OPTIMIZATION_LEVEL = "-Onone";
			};
			name = Debug;
		};
		EDBE85F81C78ED2A0031EE8B /* Release */ = {
			isa = XCBuildConfiguration;
			buildSettings = {
				ALWAYS_SEARCH_USER_PATHS = NO;
				CLANG_CXX_LANGUAGE_STANDARD = "gnu++0x";
				CLANG_CXX_LIBRARY = "libc++";
				CLANG_ENABLE_MODULES = YES;
				CLANG_ENABLE_OBJC_ARC = YES;
				CLANG_WARN_BOOL_CONVERSION = YES;
				CLANG_WARN_CONSTANT_CONVERSION = YES;
				CLANG_WARN_DIRECT_OBJC_ISA_USAGE = YES_ERROR;
				CLANG_WARN_EMPTY_BODY = YES;
				CLANG_WARN_ENUM_CONVERSION = YES;
				CLANG_WARN_INFINITE_RECURSION = YES;
				CLANG_WARN_INT_CONVERSION = YES;
				CLANG_WARN_OBJC_ROOT_CLASS = YES_ERROR;
				CLANG_WARN_SUSPICIOUS_MOVE = YES;
				CLANG_WARN_UNREACHABLE_CODE = YES;
				CLANG_WARN__DUPLICATE_METHOD_MATCH = YES;
				"CODE_SIGN_IDENTITY[sdk=iphoneos*]" = "iPhone Developer";
				COPY_PHASE_STRIP = NO;
				DEBUG_INFORMATION_FORMAT = "dwarf-with-dsym";
				ENABLE_NS_ASSERTIONS = NO;
				ENABLE_STRICT_OBJC_MSGSEND = YES;
				GCC_C_LANGUAGE_STANDARD = gnu99;
				GCC_NO_COMMON_BLOCKS = YES;
				GCC_WARN_64_TO_32_BIT_CONVERSION = YES;
				GCC_WARN_ABOUT_RETURN_TYPE = YES_ERROR;
				GCC_WARN_UNDECLARED_SELECTOR = YES;
				GCC_WARN_UNINITIALIZED_AUTOS = YES_AGGRESSIVE;
				GCC_WARN_UNUSED_FUNCTION = YES;
				GCC_WARN_UNUSED_VARIABLE = YES;
				IPHONEOS_DEPLOYMENT_TARGET = 9.2;
				MTL_ENABLE_DEBUG_INFO = NO;
				PROVISIONING_PROFILE = "37f1fdee-eaad-4501-8a0b-44df63e5ed3a";
				SDKROOT = iphoneos;
				SWIFT_OPTIMIZATION_LEVEL = "-Owholemodule";
				VALIDATE_PRODUCT = YES;
			};
			name = Release;
		};
		EDBE85FA1C78ED2A0031EE8B /* Debug */ = {
			isa = XCBuildConfiguration;
			buildSettings = {
				ALWAYS_EMBED_SWIFT_STANDARD_LIBRARIES = YES;
				ASSETCATALOG_COMPILER_APPICON_NAME = AppIcon;
				CODE_SIGN_ENTITLEMENTS = GradeCheck/GradeCheck.entitlements;
				CODE_SIGN_IDENTITY = "iPhone Developer";
				"CODE_SIGN_IDENTITY[sdk=iphoneos*]" = "iPhone Developer";
				DEVELOPMENT_TEAM = WD6FRG4V7Z;
				FRAMEWORK_SEARCH_PATHS = (
					"$(inherited)",
					"$(PROJECT_DIR)/GradeCheck",
					"$(PROJECT_DIR)",
				);
				INFOPLIST_FILE = GradeCheck/Info.plist;
				LD_RUNPATH_SEARCH_PATHS = "$(inherited) @executable_path/Frameworks";
				OTHER_LDFLAGS = "-ObjC";
				PRODUCT_BUNDLE_IDENTIFIER = com.ichauster.gradeCheck;
				PRODUCT_NAME = "$(TARGET_NAME)";
				PROVISIONING_PROFILE = "";
				PROVISIONING_PROFILE_SPECIFIER = "";
				SWIFT_OBJC_BRIDGING_HEADER = "GradeCheck/GradeCheck-Bridging-Header.h";
				SWIFT_VERSION = 3.0;
				TARGETED_DEVICE_FAMILY = "1,2";
			};
			name = Debug;
		};
		EDBE85FB1C78ED2A0031EE8B /* Release */ = {
			isa = XCBuildConfiguration;
			buildSettings = {
				ALWAYS_EMBED_SWIFT_STANDARD_LIBRARIES = YES;
				ASSETCATALOG_COMPILER_APPICON_NAME = AppIcon;
				CODE_SIGN_ENTITLEMENTS = GradeCheck/GradeCheck.entitlements;
				CODE_SIGN_IDENTITY = "iPhone Developer";
				"CODE_SIGN_IDENTITY[sdk=iphoneos*]" = "iPhone Developer";
				DEVELOPMENT_TEAM = WD6FRG4V7Z;
				FRAMEWORK_SEARCH_PATHS = (
					"$(inherited)",
					"$(PROJECT_DIR)/GradeCheck",
					"$(PROJECT_DIR)",
				);
				INFOPLIST_FILE = GradeCheck/Info.plist;
				LD_RUNPATH_SEARCH_PATHS = "$(inherited) @executable_path/Frameworks";
				OTHER_LDFLAGS = "-ObjC";
				PRODUCT_BUNDLE_IDENTIFIER = com.ichauster.gradeCheck;
				PRODUCT_NAME = "$(TARGET_NAME)";
				PROVISIONING_PROFILE = "";
				PROVISIONING_PROFILE_SPECIFIER = "";
				SWIFT_OBJC_BRIDGING_HEADER = "GradeCheck/GradeCheck-Bridging-Header.h";
				SWIFT_VERSION = 3.0;
				TARGETED_DEVICE_FAMILY = "1,2";
			};
			name = Release;
		};
		EDBE85FD1C78ED2A0031EE8B /* Debug */ = {
			isa = XCBuildConfiguration;
			buildSettings = {
				INFOPLIST_FILE = GradeCheckUITests/Info.plist;
				LD_RUNPATH_SEARCH_PATHS = "$(inherited) @executable_path/Frameworks @loader_path/Frameworks";
				PRODUCT_BUNDLE_IDENTIFIER = com.ichauster.GradeCheckUITests;
				PRODUCT_NAME = "$(TARGET_NAME)";
				SWIFT_VERSION = 3.0;
				TEST_TARGET_NAME = GradeCheck;
				USES_XCTRUNNER = YES;
			};
			name = Debug;
		};
		EDBE85FE1C78ED2A0031EE8B /* Release */ = {
			isa = XCBuildConfiguration;
			buildSettings = {
				INFOPLIST_FILE = GradeCheckUITests/Info.plist;
				LD_RUNPATH_SEARCH_PATHS = "$(inherited) @executable_path/Frameworks @loader_path/Frameworks";
				PRODUCT_BUNDLE_IDENTIFIER = com.ichauster.GradeCheckUITests;
				PRODUCT_NAME = "$(TARGET_NAME)";
				SWIFT_VERSION = 3.0;
				TEST_TARGET_NAME = GradeCheck;
				USES_XCTRUNNER = YES;
			};
			name = Release;
		};
/* End XCBuildConfiguration section */

/* Begin XCConfigurationList section */
		EDBE85D71C78ED270031EE8B /* Build configuration list for PBXProject "GradeCheck" */ = {
			isa = XCConfigurationList;
			buildConfigurations = (
				EDBE85F71C78ED2A0031EE8B /* Debug */,
				EDBE85F81C78ED2A0031EE8B /* Release */,
			);
			defaultConfigurationIsVisible = 0;
			defaultConfigurationName = Release;
		};
		EDBE85F91C78ED2A0031EE8B /* Build configuration list for PBXNativeTarget "GradeCheck" */ = {
			isa = XCConfigurationList;
			buildConfigurations = (
				EDBE85FA1C78ED2A0031EE8B /* Debug */,
				EDBE85FB1C78ED2A0031EE8B /* Release */,
			);
			defaultConfigurationIsVisible = 0;
			defaultConfigurationName = Release;
		};
		EDBE85FC1C78ED2A0031EE8B /* Build configuration list for PBXNativeTarget "GradeCheckUITests" */ = {
			isa = XCConfigurationList;
			buildConfigurations = (
				EDBE85FD1C78ED2A0031EE8B /* Debug */,
				EDBE85FE1C78ED2A0031EE8B /* Release */,
			);
			defaultConfigurationIsVisible = 0;
			defaultConfigurationName = Release;
		};
/* End XCConfigurationList section */
	};
	rootObject = EDBE85D41C78ED270031EE8B /* Project object */;
}
